PODS:
  - CryptoSwift (0.7.2)
  - MnemonicKit (1.2.0):
    - CryptoSwift (= 0.7.2)

DEPENDENCIES:
  - MnemonicKit (~> 1.2.0)

SPEC REPOS:
  https://github.com/cocoapods/specs.git:
    - CryptoSwift
    - MnemonicKit

SPEC CHECKSUMS:
  CryptoSwift: cd2158be2bf639aabc63ec804707c7137c90157c
  MnemonicKit: 9d1d037ba51545db3c1cade164b087c32e9af659

PODFILE CHECKSUM: 7b8710c11b9ff5ac9990705428d90699ee490034

COCOAPODS: 1.5.3
