PODS:
  - Alamofire (4.7.3)
  - BigInt (3.1.0):
    - SipHash (~> 1.2)
  - CryptoSwift (0.7.2)
  - MnemonicKit (1.0.1):
    - CryptoSwift (= 0.7.2)
  - SipHash (1.2.2)
  - Sodium (0.7.0)
  - TezosKit (0.0.1):
    - BigInt (~> 3.1)
    - MnemonicKit
    - Sodium (~> 0.7.0)

DEPENDENCIES:
  - Alamofire
  - MnemonicKit (from `https://github.com/keefertaylor/MnemonicKit`)
  - TezosKit (from `https://github.com/keefertaylor/TezosKit.git`)

SPEC REPOS:
  https://github.com/cocoapods/specs.git:
    - Alamofire
    - BigInt
    - CryptoSwift
    - SipHash
    - Sodium

EXTERNAL SOURCES:
  MnemonicKit:
    :git: https://github.com/keefertaylor/MnemonicKit
  TezosKit:
    :git: https://github.com/keefertaylor/TezosKit.git

CHECKOUT OPTIONS:
  MnemonicKit:
    :commit: 126e314d4fcced983264577c62785870013dbfb8
    :git: https://github.com/keefertaylor/MnemonicKit
  TezosKit:
    :commit: 52640e416a1c5206fef63b5b35ca550a86cb0d04
    :git: https://github.com/keefertaylor/TezosKit.git

SPEC CHECKSUMS:
  Alamofire: c7287b6e5d7da964a70935e5db17046b7fde6568
  BigInt: 76b5dfdfa3e2e478d4ffdf161aeede5502e2742f
  CryptoSwift: cd2158be2bf639aabc63ec804707c7137c90157c
  MnemonicKit: ed9bd0a6638aea4a99f70aab9a70cd44b9f1e8ab
  SipHash: fad90a4683e420c52ef28063063dbbce248ea6d4
  Sodium: c5510cc6f5e1b27858e5f260b5cac80d4a3f9379
  TezosKit: 0cbc35d2860c896527db722160c4a91dc68967e9

PODFILE CHECKSUM: 71caf1d73e1691c9e238a2d982ada63693f74278

COCOAPODS: 1.5.3
