PODS:
  - BigInt (3.1.0):
    - SipHash (~> 1.2)
  - CryptoSwift (0.7.2)
  - MnemonicKit (1.0.1):
    - CryptoSwift (= 0.7.2)
  - Result (4.0.0)
  - SipHash (1.2.2)
  - Sodium (0.7.0)

DEPENDENCIES:
  - BigInt
  - MnemonicKit (from `https://github.com/keefertaylor/MnemonicKit`)
  - Result
  - SipHash
  - Sodium

SPEC REPOS:
  https://github.com/cocoapods/specs.git:
    - BigInt
    - CryptoSwift
    - Result
    - SipHash
    - Sodium

EXTERNAL SOURCES:
  MnemonicKit:
    :git: https://github.com/keefertaylor/MnemonicKit

CHECKOUT OPTIONS:
  MnemonicKit:
    :commit: 126e314d4fcced983264577c62785870013dbfb8
    :git: https://github.com/keefertaylor/MnemonicKit

SPEC CHECKSUMS:
  BigInt: 76b5dfdfa3e2e478d4ffdf161aeede5502e2742f
  CryptoSwift: cd2158be2bf639aabc63ec804707c7137c90157c
  MnemonicKit: ed9bd0a6638aea4a99f70aab9a70cd44b9f1e8ab
  Result: 7645bb3f50c2ce726dd0ff2fa7b6f42bbe6c3713
  SipHash: fad90a4683e420c52ef28063063dbbce248ea6d4
  Sodium: c5510cc6f5e1b27858e5f260b5cac80d4a3f9379

PODFILE CHECKSUM: a64eb85016157e086dce6c643f4d6e717c278777

COCOAPODS: 1.5.3
