// !$*UTF8*$!
{
	archiveVersion = 1;
	classes = {
	};
	objectVersion = 50;
	objects = {

/* Begin PBXBuildFile section */
		00B694DA8827B9B4F0CF6884 /* Pods_TezosSwift_Example_IntegrationTests.framework in Frameworks */ = {isa = PBXBuildFile; fileRef = 7B5751456774D8F8139C1BD7 /* Pods_TezosSwift_Example_IntegrationTests.framework */; };
		3A6D9EC5002D98E2401EC840 /* BytesContract.swift in Sources */ = {isa = PBXBuildFile; fileRef = 0CD9690A804D3E64AC90D312 /* BytesContract.swift */; };
		45549B8B5E7DE6F26CADFE98 /* MapContract.swift in Sources */ = {isa = PBXBuildFile; fileRef = 92F087C91CFF38B49A79DBCC /* MapContract.swift */; };
		4BA4130F6AFF1A21D7FD7780 /* KeyContract.swift in Sources */ = {isa = PBXBuildFile; fileRef = DBCF57D9C624110024DBB60C /* KeyContract.swift */; };
		5C460B49C0F34D2C0CA27201 /* ParameterPairContract.swift in Sources */ = {isa = PBXBuildFile; fileRef = F02425FD6D70593802977502 /* ParameterPairContract.swift */; };
		66453598F7C12E4846CFC554 /* Pods_TezosSwift_Example_UnitTests.framework in Frameworks */ = {isa = PBXBuildFile; fileRef = BC2046F24B795C6F83DD2F8E /* Pods_TezosSwift_Example_UnitTests.framework */; };
		74D703DBDC737C2F0A302D6F /* PackUnpackContract.swift in Sources */ = {isa = PBXBuildFile; fileRef = E5C8D266066571CE26E05FA7 /* PackUnpackContract.swift */; };
		7AA8F35A2160158000C05895 /* AppDelegate.swift in Sources */ = {isa = PBXBuildFile; fileRef = 7AA8F3592160158000C05895 /* AppDelegate.swift */; };
		7AA8F3612160158100C05895 /* Assets.xcassets in Resources */ = {isa = PBXBuildFile; fileRef = 7AA8F3602160158100C05895 /* Assets.xcassets */; };
		7AA8F3642160158100C05895 /* LaunchScreen.storyboard in Resources */ = {isa = PBXBuildFile; fileRef = 7AA8F3622160158100C05895 /* LaunchScreen.storyboard */; };
		7CBD2E8F1583B91851B443DA /* IntContract.swift in Sources */ = {isa = PBXBuildFile; fileRef = C0FCAE062CEEF072AC6807CB /* IntContract.swift */; };
		890C34C70B85C646C7A31F34 /* NatContract.swift in Sources */ = {isa = PBXBuildFile; fileRef = 1E0C7502D0A194BE1FC68582 /* NatContract.swift */; };
		A1AF532A28DBBD6A8810AB19 /* SharedContract.swift in Sources */ = {isa = PBXBuildFile; fileRef = 28092C0137909434AC3DA7F5 /* SharedContract.swift */; };
		A547233DB6E9CC5797760985 /* TestContract.swift in Sources */ = {isa = PBXBuildFile; fileRef = D43D05CBD194194055080DB9 /* TestContract.swift */; };
		AAEA07E03D3AFB5D514766F2 /* StringSetContract.swift in Sources */ = {isa = PBXBuildFile; fileRef = C9302A5725C3688E776CC305 /* StringSetContract.swift */; };
		AFBD9CCC74FD2AF277147808 /* MutezContract.swift in Sources */ = {isa = PBXBuildFile; fileRef = 6F614CB20D51108041BBB080 /* MutezContract.swift */; };
		BCC57FACC86B3DD9F9BF0047 /* OptionalStringContract.swift in Sources */ = {isa = PBXBuildFile; fileRef = FA883BD489FE827FE6D653DD /* OptionalStringContract.swift */; };
		C3398FA1CF89EA3F00D99CB1 /* OrSwapContract.swift in Sources */ = {isa = PBXBuildFile; fileRef = 34A38B7FDDBC6B102BC71155 /* OrSwapContract.swift */; };
		CE7A5CAF42CFFD5CE7D922A5 /* OptionalPairBoolContract.swift in Sources */ = {isa = PBXBuildFile; fileRef = 69E8D754F56C65DAEE74D368 /* OptionalPairBoolContract.swift */; };
		D8D9925E5DBF4927EA616D56 /* NatSetContract.swift in Sources */ = {isa = PBXBuildFile; fileRef = 9F7685E60B04415BE2BE4EAC /* NatSetContract.swift */; };
		E1D6FFA1B92D644333B664E1 /* Pods_TezosSwift_Example.framework in Frameworks */ = {isa = PBXBuildFile; fileRef = B89B9CDCE1CC2778D13C62AE /* Pods_TezosSwift_Example.framework */; };
		F85F0CBD21B13A000074E391 /* TezosBalanceTest.swift in Sources */ = {isa = PBXBuildFile; fileRef = 7ABC857F2182A072006DE8FD /* TezosBalanceTest.swift */; };
		F85F0CBE21B13A000074E391 /* AbstractOperationTest.swift in Sources */ = {isa = PBXBuildFile; fileRef = 7ABC85832182AE86006DE8FD /* AbstractOperationTest.swift */; };
		F85F0CBF21B13A000074E391 /* WalletTests.swift in Sources */ = {isa = PBXBuildFile; fileRef = 7ABC857D21826C71006DE8FD /* WalletTests.swift */; };
		F85F0CC021B13A000074E391 /* CryptoTests.swift in Sources */ = {isa = PBXBuildFile; fileRef = 7ABC85812182A595006DE8FD /* CryptoTests.swift */; };
		F85F0CC121B13A000074E391 /* MnemonicUtilsTest.swift in Sources */ = {isa = PBXBuildFile; fileRef = 7ABC856D2182655E006DE8FD /* MnemonicUtilsTest.swift */; };
		F85F0CC221B13A000074E391 /* CallEncodingTests.swift in Sources */ = {isa = PBXBuildFile; fileRef = F864CC0F21AC11990014B357 /* CallEncodingTests.swift */; };
		F85F0CC321B13A000074E391 /* ContractStorageTests.swift in Sources */ = {isa = PBXBuildFile; fileRef = F85F88C321A6D8DD00786AEC /* ContractStorageTests.swift */; };
		F85F0CC521B145BD0074E391 /* Secret.swift in Sources */ = {isa = PBXBuildFile; fileRef = F85F0CC421B145BD0074E391 /* Secret.swift */; };
		F85F0CD421B152030074E391 /* TezosRPCTest.swift in Sources */ = {isa = PBXBuildFile; fileRef = 7ABC859B2183973F006DE8FD /* TezosRPCTest.swift */; };
		F85F0CD521B152030074E391 /* ContractCallTests.swift in Sources */ = {isa = PBXBuildFile; fileRef = F84C55982199AE3000068596 /* ContractCallTests.swift */; };
		F85F0CD621B152030074E391 /* ContractStorageTests.swift in Sources */ = {isa = PBXBuildFile; fileRef = F84C55962199ADCC00068596 /* ContractStorageTests.swift */; };
		F8BECFBA218CB4C7006186FD /* TezosViewController.swift in Sources */ = {isa = PBXBuildFile; fileRef = F8BECFB9218CB4C7006186FD /* TezosViewController.swift */; };
		FC6EE98DE4852D30AEB798F4 /* KeyHashContract.swift in Sources */ = {isa = PBXBuildFile; fileRef = 6916DF1AF1CE01EACF9817D1 /* KeyHashContract.swift */; };
/* End PBXBuildFile section */

/* Begin PBXContainerItemProxy section */
		F85F0CB821B139250074E391 /* PBXContainerItemProxy */ = {
			isa = PBXContainerItemProxy;
			containerPortal = 7AA8F34E2160158000C05895 /* Project object */;
			proxyType = 1;
			remoteGlobalIDString = 7AA8F3552160158000C05895;
			remoteInfo = TezosSwift_Example;
		};
		F85F0CCF21B151D20074E391 /* PBXContainerItemProxy */ = {
			isa = PBXContainerItemProxy;
			containerPortal = 7AA8F34E2160158000C05895 /* Project object */;
			proxyType = 1;
			remoteGlobalIDString = 7AA8F3552160158000C05895;
			remoteInfo = TezosSwift_Example;
		};
/* End PBXContainerItemProxy section */

/* Begin PBXFileReference section */
		017EDEEC626A3CB7D1466B41 /* Pods-TezosKit.release.xcconfig */ = {isa = PBXFileReference; includeInIndex = 1; lastKnownFileType = text.xcconfig; name = "Pods-TezosKit.release.xcconfig"; path = "Pods/Target Support Files/Pods-TezosKit/Pods-TezosKit.release.xcconfig"; sourceTree = "<group>"; };
		09B08880241EA989018F0F3A /* Pods-TezosSwift_Example-UnitTests.release.xcconfig */ = {isa = PBXFileReference; includeInIndex = 1; lastKnownFileType = text.xcconfig; name = "Pods-TezosSwift_Example-UnitTests.release.xcconfig"; path = "Pods/Target Support Files/Pods-TezosSwift_Example-UnitTests/Pods-TezosSwift_Example-UnitTests.release.xcconfig"; sourceTree = "<group>"; };
		0CD9690A804D3E64AC90D312 /* BytesContract.swift */ = {isa = PBXFileReference; includeInIndex = 1; lastKnownFileType = sourcecode.swift; name = BytesContract.swift; path = GeneratedContracts/BytesContract.swift; sourceTree = "<group>"; };
		153F0D3070E775478122EB02 /* Pods-TezosSwiftTests.debug.xcconfig */ = {isa = PBXFileReference; includeInIndex = 1; lastKnownFileType = text.xcconfig; name = "Pods-TezosSwiftTests.debug.xcconfig"; path = "Pods/Target Support Files/Pods-TezosSwiftTests/Pods-TezosSwiftTests.debug.xcconfig"; sourceTree = "<group>"; };
		1D04D394A5F3089FCC734900 /* Pods-TezosSwift_Example-IntegrationTests.debug.xcconfig */ = {isa = PBXFileReference; includeInIndex = 1; lastKnownFileType = text.xcconfig; name = "Pods-TezosSwift_Example-IntegrationTests.debug.xcconfig"; path = "Pods/Target Support Files/Pods-TezosSwift_Example-IntegrationTests/Pods-TezosSwift_Example-IntegrationTests.debug.xcconfig"; sourceTree = "<group>"; };
		1E0C7502D0A194BE1FC68582 /* NatContract.swift */ = {isa = PBXFileReference; includeInIndex = 1; lastKnownFileType = sourcecode.swift; name = NatContract.swift; path = GeneratedContracts/NatContract.swift; sourceTree = "<group>"; };
		2162ABCC8C6E6012A454C50A /* Pods-IntegrationTests.release.xcconfig */ = {isa = PBXFileReference; includeInIndex = 1; lastKnownFileType = text.xcconfig; name = "Pods-IntegrationTests.release.xcconfig"; path = "Pods/Target Support Files/Pods-IntegrationTests/Pods-IntegrationTests.release.xcconfig"; sourceTree = "<group>"; };
		28092C0137909434AC3DA7F5 /* SharedContract.swift */ = {isa = PBXFileReference; includeInIndex = 1; lastKnownFileType = sourcecode.swift; name = SharedContract.swift; path = GeneratedContracts/SharedContract.swift; sourceTree = "<group>"; };
		34A38B7FDDBC6B102BC71155 /* OrSwapContract.swift */ = {isa = PBXFileReference; includeInIndex = 1; lastKnownFileType = sourcecode.swift; name = OrSwapContract.swift; path = GeneratedContracts/OrSwapContract.swift; sourceTree = "<group>"; };
		4AF892F125329781B8687BF5 /* Pods-TezosSwift.debug.xcconfig */ = {isa = PBXFileReference; includeInIndex = 1; lastKnownFileType = text.xcconfig; name = "Pods-TezosSwift.debug.xcconfig"; path = "Pods/Target Support Files/Pods-TezosSwift/Pods-TezosSwift.debug.xcconfig"; sourceTree = "<group>"; };
		4BE90449D9628591FF89F23C /* Pods-IntegrationTests.debug.xcconfig */ = {isa = PBXFileReference; includeInIndex = 1; lastKnownFileType = text.xcconfig; name = "Pods-IntegrationTests.debug.xcconfig"; path = "Pods/Target Support Files/Pods-IntegrationTests/Pods-IntegrationTests.debug.xcconfig"; sourceTree = "<group>"; };
		6170C576F6BBE01221084D9D /* Pods-UnitTests.debug.xcconfig */ = {isa = PBXFileReference; includeInIndex = 1; lastKnownFileType = text.xcconfig; name = "Pods-UnitTests.debug.xcconfig"; path = "Pods/Target Support Files/Pods-UnitTests/Pods-UnitTests.debug.xcconfig"; sourceTree = "<group>"; };
		633241BA0820D6F7BA4CA23E /* Pods-TezosKit.debug.xcconfig */ = {isa = PBXFileReference; includeInIndex = 1; lastKnownFileType = text.xcconfig; name = "Pods-TezosKit.debug.xcconfig"; path = "Pods/Target Support Files/Pods-TezosKit/Pods-TezosKit.debug.xcconfig"; sourceTree = "<group>"; };
		64724E5F8C6F391FCBBFC79E /* Pods_UnitTests.framework */ = {isa = PBXFileReference; explicitFileType = wrapper.framework; includeInIndex = 0; path = Pods_UnitTests.framework; sourceTree = BUILT_PRODUCTS_DIR; };
		682BFBDE2CBB52CBDD0763D9 /* Pods_TezosSwift.framework */ = {isa = PBXFileReference; explicitFileType = wrapper.framework; includeInIndex = 0; path = Pods_TezosSwift.framework; sourceTree = BUILT_PRODUCTS_DIR; };
		6916DF1AF1CE01EACF9817D1 /* KeyHashContract.swift */ = {isa = PBXFileReference; includeInIndex = 1; lastKnownFileType = sourcecode.swift; name = KeyHashContract.swift; path = GeneratedContracts/KeyHashContract.swift; sourceTree = "<group>"; };
		69E8D754F56C65DAEE74D368 /* OptionalPairBoolContract.swift */ = {isa = PBXFileReference; includeInIndex = 1; lastKnownFileType = sourcecode.swift; name = OptionalPairBoolContract.swift; path = GeneratedContracts/OptionalPairBoolContract.swift; sourceTree = "<group>"; };
		6C4CA6483BE8320E2EDBE7ED /* Pods-TezosSwift_Example-IntegrationTests.release.xcconfig */ = {isa = PBXFileReference; includeInIndex = 1; lastKnownFileType = text.xcconfig; name = "Pods-TezosSwift_Example-IntegrationTests.release.xcconfig"; path = "Pods/Target Support Files/Pods-TezosSwift_Example-IntegrationTests/Pods-TezosSwift_Example-IntegrationTests.release.xcconfig"; sourceTree = "<group>"; };
		6F614CB20D51108041BBB080 /* MutezContract.swift */ = {isa = PBXFileReference; includeInIndex = 1; lastKnownFileType = sourcecode.swift; name = MutezContract.swift; path = GeneratedContracts/MutezContract.swift; sourceTree = "<group>"; };
		711B3872659EEE9B847690A5 /* Pods_TezosKitTests.framework */ = {isa = PBXFileReference; explicitFileType = wrapper.framework; includeInIndex = 0; path = Pods_TezosKitTests.framework; sourceTree = BUILT_PRODUCTS_DIR; };
		718BBC1E82F7E0DD2198574E /* Pods-TezosSwiftTests.release.xcconfig */ = {isa = PBXFileReference; includeInIndex = 1; lastKnownFileType = text.xcconfig; name = "Pods-TezosSwiftTests.release.xcconfig"; path = "Pods/Target Support Files/Pods-TezosSwiftTests/Pods-TezosSwiftTests.release.xcconfig"; sourceTree = "<group>"; };
		72549B9FE70AA2A616FC4C1A /* Pods_TezosSwiftTests.framework */ = {isa = PBXFileReference; explicitFileType = wrapper.framework; includeInIndex = 0; path = Pods_TezosSwiftTests.framework; sourceTree = BUILT_PRODUCTS_DIR; };
		75D48894E33C2934F3738C60 /* Pods-TezosKitTests.debug.xcconfig */ = {isa = PBXFileReference; includeInIndex = 1; lastKnownFileType = text.xcconfig; name = "Pods-TezosKitTests.debug.xcconfig"; path = "Pods/Target Support Files/Pods-TezosKitTests/Pods-TezosKitTests.debug.xcconfig"; sourceTree = "<group>"; };
		79F93F731818ABF0C1BD6DA3 /* Pods-TezosSwift_Example.release.xcconfig */ = {isa = PBXFileReference; includeInIndex = 1; lastKnownFileType = text.xcconfig; name = "Pods-TezosSwift_Example.release.xcconfig"; path = "Pods/Target Support Files/Pods-TezosSwift_Example/Pods-TezosSwift_Example.release.xcconfig"; sourceTree = "<group>"; };
		7AA8F3562160158000C05895 /* TezosSwift_Example.app */ = {isa = PBXFileReference; explicitFileType = wrapper.application; includeInIndex = 0; path = TezosSwift_Example.app; sourceTree = BUILT_PRODUCTS_DIR; };
		7AA8F3592160158000C05895 /* AppDelegate.swift */ = {isa = PBXFileReference; lastKnownFileType = sourcecode.swift; path = AppDelegate.swift; sourceTree = "<group>"; };
		7AA8F3602160158100C05895 /* Assets.xcassets */ = {isa = PBXFileReference; lastKnownFileType = folder.assetcatalog; path = Assets.xcassets; sourceTree = "<group>"; };
		7AA8F3632160158100C05895 /* Base */ = {isa = PBXFileReference; lastKnownFileType = file.storyboard; name = Base; path = Base.lproj/LaunchScreen.storyboard; sourceTree = "<group>"; };
		7AA8F3652160158100C05895 /* Info.plist */ = {isa = PBXFileReference; lastKnownFileType = text.plist.xml; path = Info.plist; sourceTree = "<group>"; };
		7ABC856D2182655E006DE8FD /* MnemonicUtilsTest.swift */ = {isa = PBXFileReference; lastKnownFileType = sourcecode.swift; path = MnemonicUtilsTest.swift; sourceTree = "<group>"; };
		7ABC857D21826C71006DE8FD /* WalletTests.swift */ = {isa = PBXFileReference; lastKnownFileType = sourcecode.swift; path = WalletTests.swift; sourceTree = "<group>"; };
		7ABC857F2182A072006DE8FD /* TezosBalanceTest.swift */ = {isa = PBXFileReference; lastKnownFileType = sourcecode.swift; path = TezosBalanceTest.swift; sourceTree = "<group>"; };
		7ABC85812182A595006DE8FD /* CryptoTests.swift */ = {isa = PBXFileReference; lastKnownFileType = sourcecode.swift; path = CryptoTests.swift; sourceTree = "<group>"; };
		7ABC85832182AE86006DE8FD /* AbstractOperationTest.swift */ = {isa = PBXFileReference; lastKnownFileType = sourcecode.swift; path = AbstractOperationTest.swift; sourceTree = "<group>"; };
		7ABC859B2183973F006DE8FD /* TezosRPCTest.swift */ = {isa = PBXFileReference; lastKnownFileType = sourcecode.swift; path = TezosRPCTest.swift; sourceTree = "<group>"; };
		7B5751456774D8F8139C1BD7 /* Pods_TezosSwift_Example_IntegrationTests.framework */ = {isa = PBXFileReference; explicitFileType = wrapper.framework; includeInIndex = 0; path = Pods_TezosSwift_Example_IntegrationTests.framework; sourceTree = BUILT_PRODUCTS_DIR; };
		92F087C91CFF38B49A79DBCC /* MapContract.swift */ = {isa = PBXFileReference; includeInIndex = 1; lastKnownFileType = sourcecode.swift; name = MapContract.swift; path = GeneratedContracts/MapContract.swift; sourceTree = "<group>"; };
		9F7685E60B04415BE2BE4EAC /* NatSetContract.swift */ = {isa = PBXFileReference; includeInIndex = 1; lastKnownFileType = sourcecode.swift; name = NatSetContract.swift; path = GeneratedContracts/NatSetContract.swift; sourceTree = "<group>"; };
		A94B1790A85FA9FF0970BA16 /* Pods-TezosSwift_Example.debug.xcconfig */ = {isa = PBXFileReference; includeInIndex = 1; lastKnownFileType = text.xcconfig; name = "Pods-TezosSwift_Example.debug.xcconfig"; path = "Pods/Target Support Files/Pods-TezosSwift_Example/Pods-TezosSwift_Example.debug.xcconfig"; sourceTree = "<group>"; };
		AD462AF223A5CD5683C948D9 /* Pods_TezosKit.framework */ = {isa = PBXFileReference; explicitFileType = wrapper.framework; includeInIndex = 0; path = Pods_TezosKit.framework; sourceTree = BUILT_PRODUCTS_DIR; };
		B7314248D801C9EAC57F48C3 /* Pods-TezosSwift_Example-UnitTests.debug.xcconfig */ = {isa = PBXFileReference; includeInIndex = 1; lastKnownFileType = text.xcconfig; name = "Pods-TezosSwift_Example-UnitTests.debug.xcconfig"; path = "Pods/Target Support Files/Pods-TezosSwift_Example-UnitTests/Pods-TezosSwift_Example-UnitTests.debug.xcconfig"; sourceTree = "<group>"; };
		B89B9CDCE1CC2778D13C62AE /* Pods_TezosSwift_Example.framework */ = {isa = PBXFileReference; explicitFileType = wrapper.framework; includeInIndex = 0; path = Pods_TezosSwift_Example.framework; sourceTree = BUILT_PRODUCTS_DIR; };
		BC2046F24B795C6F83DD2F8E /* Pods_TezosSwift_Example_UnitTests.framework */ = {isa = PBXFileReference; explicitFileType = wrapper.framework; includeInIndex = 0; path = Pods_TezosSwift_Example_UnitTests.framework; sourceTree = BUILT_PRODUCTS_DIR; };
		C0FCAE062CEEF072AC6807CB /* IntContract.swift */ = {isa = PBXFileReference; includeInIndex = 1; lastKnownFileType = sourcecode.swift; name = IntContract.swift; path = GeneratedContracts/IntContract.swift; sourceTree = "<group>"; };
		C9302A5725C3688E776CC305 /* StringSetContract.swift */ = {isa = PBXFileReference; includeInIndex = 1; lastKnownFileType = sourcecode.swift; name = StringSetContract.swift; path = GeneratedContracts/StringSetContract.swift; sourceTree = "<group>"; };
		CD62C1E23DB8EE52B4A7FDEB /* Pods-UnitTests.release.xcconfig */ = {isa = PBXFileReference; includeInIndex = 1; lastKnownFileType = text.xcconfig; name = "Pods-UnitTests.release.xcconfig"; path = "Pods/Target Support Files/Pods-UnitTests/Pods-UnitTests.release.xcconfig"; sourceTree = "<group>"; };
		D0C5CDFA7606B4DB71F78D3F /* Pods_IntegrationTests.framework */ = {isa = PBXFileReference; explicitFileType = wrapper.framework; includeInIndex = 0; path = Pods_IntegrationTests.framework; sourceTree = BUILT_PRODUCTS_DIR; };
		D43D05CBD194194055080DB9 /* TestContract.swift */ = {isa = PBXFileReference; includeInIndex = 1; lastKnownFileType = sourcecode.swift; name = TestContract.swift; path = GeneratedContracts/TestContract.swift; sourceTree = "<group>"; };
		DBCF57D9C624110024DBB60C /* KeyContract.swift */ = {isa = PBXFileReference; includeInIndex = 1; lastKnownFileType = sourcecode.swift; name = KeyContract.swift; path = GeneratedContracts/KeyContract.swift; sourceTree = "<group>"; };
		E18ABC256DB067253D1C0A45 /* Pods-TezosKitTests.release.xcconfig */ = {isa = PBXFileReference; includeInIndex = 1; lastKnownFileType = text.xcconfig; name = "Pods-TezosKitTests.release.xcconfig"; path = "Pods/Target Support Files/Pods-TezosKitTests/Pods-TezosKitTests.release.xcconfig"; sourceTree = "<group>"; };
		E5C8D266066571CE26E05FA7 /* PackUnpackContract.swift */ = {isa = PBXFileReference; includeInIndex = 1; lastKnownFileType = sourcecode.swift; name = PackUnpackContract.swift; path = GeneratedContracts/PackUnpackContract.swift; sourceTree = "<group>"; };
		F02425FD6D70593802977502 /* ParameterPairContract.swift */ = {isa = PBXFileReference; includeInIndex = 1; lastKnownFileType = sourcecode.swift; name = ParameterPairContract.swift; path = GeneratedContracts/ParameterPairContract.swift; sourceTree = "<group>"; };
		F84C55962199ADCC00068596 /* ContractStorageTests.swift */ = {isa = PBXFileReference; lastKnownFileType = sourcecode.swift; path = ContractStorageTests.swift; sourceTree = "<group>"; };
		F84C55982199AE3000068596 /* ContractCallTests.swift */ = {isa = PBXFileReference; lastKnownFileType = sourcecode.swift; path = ContractCallTests.swift; sourceTree = "<group>"; };
		F85F0CB321B139250074E391 /* UnitTests.xctest */ = {isa = PBXFileReference; explicitFileType = wrapper.cfbundle; includeInIndex = 0; path = UnitTests.xctest; sourceTree = BUILT_PRODUCTS_DIR; };
		F85F0CB721B139250074E391 /* Info.plist */ = {isa = PBXFileReference; lastKnownFileType = text.plist.xml; path = Info.plist; sourceTree = "<group>"; };
		F85F0CC421B145BD0074E391 /* Secret.swift */ = {isa = PBXFileReference; fileEncoding = 4; lastKnownFileType = sourcecode.swift; name = Secret.swift; path = Sources/Secret.swift; sourceTree = "<group>"; };
		F85F0CCA21B151D20074E391 /* IntegrationTests.xctest */ = {isa = PBXFileReference; explicitFileType = wrapper.cfbundle; includeInIndex = 0; path = IntegrationTests.xctest; sourceTree = BUILT_PRODUCTS_DIR; };
		F85F0CCE21B151D20074E391 /* Info.plist */ = {isa = PBXFileReference; lastKnownFileType = text.plist.xml; path = Info.plist; sourceTree = "<group>"; };
		F85F88C321A6D8DD00786AEC /* ContractStorageTests.swift */ = {isa = PBXFileReference; lastKnownFileType = sourcecode.swift; path = ContractStorageTests.swift; sourceTree = "<group>"; };
		F864CC0F21AC11990014B357 /* CallEncodingTests.swift */ = {isa = PBXFileReference; lastKnownFileType = sourcecode.swift; path = CallEncodingTests.swift; sourceTree = "<group>"; };
		F8BECFB9218CB4C7006186FD /* TezosViewController.swift */ = {isa = PBXFileReference; lastKnownFileType = sourcecode.swift; path = TezosViewController.swift; sourceTree = "<group>"; };
		FA883BD489FE827FE6D653DD /* OptionalStringContract.swift */ = {isa = PBXFileReference; includeInIndex = 1; lastKnownFileType = sourcecode.swift; name = OptionalStringContract.swift; path = GeneratedContracts/OptionalStringContract.swift; sourceTree = "<group>"; };
		FE999CF7F39A6159A65DD182 /* Pods-TezosSwift.release.xcconfig */ = {isa = PBXFileReference; includeInIndex = 1; lastKnownFileType = text.xcconfig; name = "Pods-TezosSwift.release.xcconfig"; path = "Pods/Target Support Files/Pods-TezosSwift/Pods-TezosSwift.release.xcconfig"; sourceTree = "<group>"; };
/* End PBXFileReference section */

/* Begin PBXFrameworksBuildPhase section */
		7AA8F3532160158000C05895 /* Frameworks */ = {
			isa = PBXFrameworksBuildPhase;
			buildActionMask = 2147483647;
			files = (
				E1D6FFA1B92D644333B664E1 /* Pods_TezosSwift_Example.framework in Frameworks */,
			);
			runOnlyForDeploymentPostprocessing = 0;
		};
		F85F0CB021B139250074E391 /* Frameworks */ = {
			isa = PBXFrameworksBuildPhase;
			buildActionMask = 2147483647;
			files = (
				66453598F7C12E4846CFC554 /* Pods_TezosSwift_Example_UnitTests.framework in Frameworks */,
			);
			runOnlyForDeploymentPostprocessing = 0;
		};
		F85F0CC721B151D20074E391 /* Frameworks */ = {
			isa = PBXFrameworksBuildPhase;
			buildActionMask = 2147483647;
			files = (
				00B694DA8827B9B4F0CF6884 /* Pods_TezosSwift_Example_IntegrationTests.framework in Frameworks */,
			);
			runOnlyForDeploymentPostprocessing = 0;
		};
/* End PBXFrameworksBuildPhase section */

/* Begin PBXGroup section */
		66DCFF36F3CA345FF65DA166 /* Pods */ = {
			isa = PBXGroup;
			children = (
				633241BA0820D6F7BA4CA23E /* Pods-TezosKit.debug.xcconfig */,
				017EDEEC626A3CB7D1466B41 /* Pods-TezosKit.release.xcconfig */,
				75D48894E33C2934F3738C60 /* Pods-TezosKitTests.debug.xcconfig */,
				E18ABC256DB067253D1C0A45 /* Pods-TezosKitTests.release.xcconfig */,
				4AF892F125329781B8687BF5 /* Pods-TezosSwift.debug.xcconfig */,
				FE999CF7F39A6159A65DD182 /* Pods-TezosSwift.release.xcconfig */,
				153F0D3070E775478122EB02 /* Pods-TezosSwiftTests.debug.xcconfig */,
				718BBC1E82F7E0DD2198574E /* Pods-TezosSwiftTests.release.xcconfig */,
				4BE90449D9628591FF89F23C /* Pods-IntegrationTests.debug.xcconfig */,
				2162ABCC8C6E6012A454C50A /* Pods-IntegrationTests.release.xcconfig */,
				6170C576F6BBE01221084D9D /* Pods-UnitTests.debug.xcconfig */,
				CD62C1E23DB8EE52B4A7FDEB /* Pods-UnitTests.release.xcconfig */,
				A94B1790A85FA9FF0970BA16 /* Pods-TezosSwift_Example.debug.xcconfig */,
				79F93F731818ABF0C1BD6DA3 /* Pods-TezosSwift_Example.release.xcconfig */,
				1D04D394A5F3089FCC734900 /* Pods-TezosSwift_Example-IntegrationTests.debug.xcconfig */,
				6C4CA6483BE8320E2EDBE7ED /* Pods-TezosSwift_Example-IntegrationTests.release.xcconfig */,
				B7314248D801C9EAC57F48C3 /* Pods-TezosSwift_Example-UnitTests.debug.xcconfig */,
				09B08880241EA989018F0F3A /* Pods-TezosSwift_Example-UnitTests.release.xcconfig */,
			);
			name = Pods;
			sourceTree = "<group>";
		};
		7AA8F34D2160158000C05895 = {
			isa = PBXGroup;
			children = (
				F85F0CC421B145BD0074E391 /* Secret.swift */,
				7AA8F3582160158000C05895 /* Sources */,
				F85F0CB421B139250074E391 /* UnitTests */,
				F85F0CCB21B151D20074E391 /* IntegrationTests */,
				7AA8F3572160158000C05895 /* Products */,
				66DCFF36F3CA345FF65DA166 /* Pods */,
				E1B299C2AF182A8A0B52D6BE /* Frameworks */,
			);
			sourceTree = "<group>";
		};
		7AA8F3572160158000C05895 /* Products */ = {
			isa = PBXGroup;
			children = (
				7AA8F3562160158000C05895 /* TezosSwift_Example.app */,
				F85F0CB321B139250074E391 /* UnitTests.xctest */,
				F85F0CCA21B151D20074E391 /* IntegrationTests.xctest */,
			);
			name = Products;
			sourceTree = "<group>";
		};
		7AA8F3582160158000C05895 /* Sources */ = {
			isa = PBXGroup;
			children = (
				7AA9583C217CBBEA00865D55 /* App */,
				805526227D3A421737A3D82A /* GeneratedContracts */,
			);
			path = Sources;
			sourceTree = "<group>";
		};
		7AA9583C217CBBEA00865D55 /* App */ = {
			isa = PBXGroup;
			children = (
				7AA8F3592160158000C05895 /* AppDelegate.swift */,
				F8BECFB9218CB4C7006186FD /* TezosViewController.swift */,
				7AA8F3602160158100C05895 /* Assets.xcassets */,
				7AA8F3622160158100C05895 /* LaunchScreen.storyboard */,
				7AA8F3652160158100C05895 /* Info.plist */,
			);
			path = App;
			sourceTree = "<group>";
		};
		805526227D3A421737A3D82A /* GeneratedContracts */ = {
			isa = PBXGroup;
			children = (
				D43D05CBD194194055080DB9 /* TestContract.swift */,
				28092C0137909434AC3DA7F5 /* SharedContract.swift */,
				C0FCAE062CEEF072AC6807CB /* IntContract.swift */,
				FA883BD489FE827FE6D653DD /* OptionalStringContract.swift */,
				69E8D754F56C65DAEE74D368 /* OptionalPairBoolContract.swift */,
				C9302A5725C3688E776CC305 /* StringSetContract.swift */,
				E5C8D266066571CE26E05FA7 /* PackUnpackContract.swift */,
				0CD9690A804D3E64AC90D312 /* BytesContract.swift */,
				34A38B7FDDBC6B102BC71155 /* OrSwapContract.swift */,
				6916DF1AF1CE01EACF9817D1 /* KeyHashContract.swift */,
				F02425FD6D70593802977502 /* ParameterPairContract.swift */,
				6F614CB20D51108041BBB080 /* MutezContract.swift */,
				92F087C91CFF38B49A79DBCC /* MapContract.swift */,
				DBCF57D9C624110024DBB60C /* KeyContract.swift */,
				9F7685E60B04415BE2BE4EAC /* NatSetContract.swift */,
				1E0C7502D0A194BE1FC68582 /* NatContract.swift */,
			);
			name = GeneratedContracts;
			sourceTree = "<group>";
		};
		E1B299C2AF182A8A0B52D6BE /* Frameworks */ = {
			isa = PBXGroup;
			children = (
				AD462AF223A5CD5683C948D9 /* Pods_TezosKit.framework */,
				711B3872659EEE9B847690A5 /* Pods_TezosKitTests.framework */,
				682BFBDE2CBB52CBDD0763D9 /* Pods_TezosSwift.framework */,
				72549B9FE70AA2A616FC4C1A /* Pods_TezosSwiftTests.framework */,
				D0C5CDFA7606B4DB71F78D3F /* Pods_IntegrationTests.framework */,
				64724E5F8C6F391FCBBFC79E /* Pods_UnitTests.framework */,
				B89B9CDCE1CC2778D13C62AE /* Pods_TezosSwift_Example.framework */,
				7B5751456774D8F8139C1BD7 /* Pods_TezosSwift_Example_IntegrationTests.framework */,
				BC2046F24B795C6F83DD2F8E /* Pods_TezosSwift_Example_UnitTests.framework */,
			);
			name = Frameworks;
			sourceTree = "<group>";
		};
		F85F0CB421B139250074E391 /* UnitTests */ = {
			isa = PBXGroup;
			children = (
				7ABC85812182A595006DE8FD /* CryptoTests.swift */,
				7ABC857F2182A072006DE8FD /* TezosBalanceTest.swift */,
				7ABC857D21826C71006DE8FD /* WalletTests.swift */,
				7ABC856D2182655E006DE8FD /* MnemonicUtilsTest.swift */,
				7ABC85832182AE86006DE8FD /* AbstractOperationTest.swift */,
				F85F88C321A6D8DD00786AEC /* ContractStorageTests.swift */,
				F864CC0F21AC11990014B357 /* CallEncodingTests.swift */,
				F85F0CB721B139250074E391 /* Info.plist */,
			);
			path = UnitTests;
			sourceTree = "<group>";
		};
		F85F0CCB21B151D20074E391 /* IntegrationTests */ = {
			isa = PBXGroup;
			children = (
				7ABC859B2183973F006DE8FD /* TezosRPCTest.swift */,
				F84C55962199ADCC00068596 /* ContractStorageTests.swift */,
				F84C55982199AE3000068596 /* ContractCallTests.swift */,
				F85F0CCE21B151D20074E391 /* Info.plist */,
			);
			path = IntegrationTests;
			sourceTree = "<group>";
		};
/* End PBXGroup section */

/* Begin PBXNativeTarget section */
		7AA8F3552160158000C05895 /* TezosSwift_Example */ = {
			isa = PBXNativeTarget;
			buildConfigurationList = 7AA8F3682160158100C05895 /* Build configuration list for PBXNativeTarget "TezosSwift_Example" */;
			buildPhases = (
				65A376F3CDCF897A91B0BCB4 /* [CP] Check Pods Manifest.lock */,
				7AA8F3522160158000C05895 /* Sources */,
				7AA8F3532160158000C05895 /* Frameworks */,
				7AA8F3542160158000C05895 /* Resources */,
				F9E1C2C07E3C6A6D7B6C11E4 /* [CP] Embed Pods Frameworks */,
			);
			buildRules = (
			);
			dependencies = (
			);
			name = TezosSwift_Example;
			productName = TezosKit;
			productReference = 7AA8F3562160158000C05895 /* TezosSwift_Example.app */;
			productType = "com.apple.product-type.application";
		};
		F85F0CB221B139250074E391 /* UnitTests */ = {
			isa = PBXNativeTarget;
			buildConfigurationList = F85F0CBA21B139250074E391 /* Build configuration list for PBXNativeTarget "UnitTests" */;
			buildPhases = (
				2C5371F34906A06DCA184E58 /* [CP] Check Pods Manifest.lock */,
				F85F0CAF21B139250074E391 /* Sources */,
				F85F0CB021B139250074E391 /* Frameworks */,
				F85F0CB121B139250074E391 /* Resources */,
				9543093469F6BED2A321B3F7 /* [CP] Embed Pods Frameworks */,
			);
			buildRules = (
			);
			dependencies = (
				F85F0CB921B139250074E391 /* PBXTargetDependency */,
			);
			name = UnitTests;
			productName = UnitTests;
			productReference = F85F0CB321B139250074E391 /* UnitTests.xctest */;
			productType = "com.apple.product-type.bundle.unit-test";
		};
		F85F0CC921B151D20074E391 /* IntegrationTests */ = {
			isa = PBXNativeTarget;
			buildConfigurationList = F85F0CD121B151D30074E391 /* Build configuration list for PBXNativeTarget "IntegrationTests" */;
			buildPhases = (
				2599B162B5A6225CFEF92B7A /* [CP] Check Pods Manifest.lock */,
				F85F0CC621B151D20074E391 /* Sources */,
				F85F0CC721B151D20074E391 /* Frameworks */,
				F85F0CC821B151D20074E391 /* Resources */,
				C14C45BA08903E54B85E98B2 /* [CP] Embed Pods Frameworks */,
			);
			buildRules = (
			);
			dependencies = (
				F85F0CD021B151D20074E391 /* PBXTargetDependency */,
			);
			name = IntegrationTests;
			productName = IntegrationTests;
			productReference = F85F0CCA21B151D20074E391 /* IntegrationTests.xctest */;
			productType = "com.apple.product-type.bundle.unit-test";
		};
/* End PBXNativeTarget section */

/* Begin PBXProject section */
		7AA8F34E2160158000C05895 /* Project object */ = {
			isa = PBXProject;
			attributes = {
				LastSwiftUpdateCheck = 1010;
				LastUpgradeCheck = 1000;
				ORGANIZATIONNAME = Ackee;
				TargetAttributes = {
					7AA8F3552160158000C05895 = {
						CreatedOnToolsVersion = 10.0;
						LastSwiftMigration = 1000;
					};
					F85F0CB221B139250074E391 = {
						CreatedOnToolsVersion = 10.1;
						TestTargetID = 7AA8F3552160158000C05895;
					};
					F85F0CC921B151D20074E391 = {
						CreatedOnToolsVersion = 10.1;
						TestTargetID = 7AA8F3552160158000C05895;
					};
				};
			};
			buildConfigurationList = 7AA8F3512160158000C05895 /* Build configuration list for PBXProject "TezosSwift" */;
			compatibilityVersion = "Xcode 9.3";
			developmentRegion = en;
			hasScannedForEncodings = 0;
			knownRegions = (
				en,
				Base,
			);
			mainGroup = 7AA8F34D2160158000C05895;
			productRefGroup = 7AA8F3572160158000C05895 /* Products */;
			projectDirPath = "";
			projectRoot = "";
			targets = (
				7AA8F3552160158000C05895 /* TezosSwift_Example */,
				F85F0CB221B139250074E391 /* UnitTests */,
				F85F0CC921B151D20074E391 /* IntegrationTests */,
			);
		};
/* End PBXProject section */

/* Begin PBXResourcesBuildPhase section */
		7AA8F3542160158000C05895 /* Resources */ = {
			isa = PBXResourcesBuildPhase;
			buildActionMask = 2147483647;
			files = (
				7AA8F3642160158100C05895 /* LaunchScreen.storyboard in Resources */,
				7AA8F3612160158100C05895 /* Assets.xcassets in Resources */,
			);
			runOnlyForDeploymentPostprocessing = 0;
		};
		F85F0CB121B139250074E391 /* Resources */ = {
			isa = PBXResourcesBuildPhase;
			buildActionMask = 2147483647;
			files = (
			);
			runOnlyForDeploymentPostprocessing = 0;
		};
		F85F0CC821B151D20074E391 /* Resources */ = {
			isa = PBXResourcesBuildPhase;
			buildActionMask = 2147483647;
			files = (
			);
			runOnlyForDeploymentPostprocessing = 0;
		};
/* End PBXResourcesBuildPhase section */

/* Begin PBXShellScriptBuildPhase section */
		2599B162B5A6225CFEF92B7A /* [CP] Check Pods Manifest.lock */ = {
			isa = PBXShellScriptBuildPhase;
			buildActionMask = 2147483647;
			files = (
			);
			inputFileListPaths = (
			);
			inputPaths = (
				"${PODS_PODFILE_DIR_PATH}/Podfile.lock",
				"${PODS_ROOT}/Manifest.lock",
			);
			name = "[CP] Check Pods Manifest.lock";
			outputFileListPaths = (
			);
			outputPaths = (
				"$(DERIVED_FILE_DIR)/Pods-TezosSwift_Example-IntegrationTests-checkManifestLockResult.txt",
			);
			runOnlyForDeploymentPostprocessing = 0;
			shellPath = /bin/sh;
			shellScript = "diff \"${PODS_PODFILE_DIR_PATH}/Podfile.lock\" \"${PODS_ROOT}/Manifest.lock\" > /dev/null\nif [ $? != 0 ] ; then\n    # print error to STDERR\n    echo \"error: The sandbox is not in sync with the Podfile.lock. Run 'pod install' or update your CocoaPods installation.\" >&2\n    exit 1\nfi\n# This output is used by Xcode 'outputs' to avoid re-running this script phase.\necho \"SUCCESS\" > \"${SCRIPT_OUTPUT_FILE_0}\"\n";
			showEnvVarsInLog = 0;
		};
		2C5371F34906A06DCA184E58 /* [CP] Check Pods Manifest.lock */ = {
			isa = PBXShellScriptBuildPhase;
			buildActionMask = 2147483647;
			files = (
			);
			inputFileListPaths = (
			);
			inputPaths = (
				"${PODS_PODFILE_DIR_PATH}/Podfile.lock",
				"${PODS_ROOT}/Manifest.lock",
			);
			name = "[CP] Check Pods Manifest.lock";
			outputFileListPaths = (
			);
			outputPaths = (
				"$(DERIVED_FILE_DIR)/Pods-TezosSwift_Example-UnitTests-checkManifestLockResult.txt",
			);
			runOnlyForDeploymentPostprocessing = 0;
			shellPath = /bin/sh;
			shellScript = "diff \"${PODS_PODFILE_DIR_PATH}/Podfile.lock\" \"${PODS_ROOT}/Manifest.lock\" > /dev/null\nif [ $? != 0 ] ; then\n    # print error to STDERR\n    echo \"error: The sandbox is not in sync with the Podfile.lock. Run 'pod install' or update your CocoaPods installation.\" >&2\n    exit 1\nfi\n# This output is used by Xcode 'outputs' to avoid re-running this script phase.\necho \"SUCCESS\" > \"${SCRIPT_OUTPUT_FILE_0}\"\n";
			showEnvVarsInLog = 0;
		};
		65A376F3CDCF897A91B0BCB4 /* [CP] Check Pods Manifest.lock */ = {
			isa = PBXShellScriptBuildPhase;
			buildActionMask = 2147483647;
			files = (
			);
			inputPaths = (
				"${PODS_PODFILE_DIR_PATH}/Podfile.lock",
				"${PODS_ROOT}/Manifest.lock",
			);
			name = "[CP] Check Pods Manifest.lock";
			outputPaths = (
				"$(DERIVED_FILE_DIR)/Pods-TezosSwift_Example-checkManifestLockResult.txt",
			);
			runOnlyForDeploymentPostprocessing = 0;
			shellPath = /bin/sh;
			shellScript = "diff \"${PODS_PODFILE_DIR_PATH}/Podfile.lock\" \"${PODS_ROOT}/Manifest.lock\" > /dev/null\nif [ $? != 0 ] ; then\n    # print error to STDERR\n    echo \"error: The sandbox is not in sync with the Podfile.lock. Run 'pod install' or update your CocoaPods installation.\" >&2\n    exit 1\nfi\n# This output is used by Xcode 'outputs' to avoid re-running this script phase.\necho \"SUCCESS\" > \"${SCRIPT_OUTPUT_FILE_0}\"\n";
			showEnvVarsInLog = 0;
		};
		9543093469F6BED2A321B3F7 /* [CP] Embed Pods Frameworks */ = {
			isa = PBXShellScriptBuildPhase;
			buildActionMask = 2147483647;
			files = (
			);
			inputFileListPaths = (
			);
			inputPaths = (
				"${SRCROOT}/Pods/Target Support Files/Pods-TezosSwift_Example-UnitTests/Pods-TezosSwift_Example-UnitTests-frameworks.sh",
				"${BUILT_PRODUCTS_DIR}/BigInt/BigInt.framework",
				"${BUILT_PRODUCTS_DIR}/CryptoSwift/CryptoSwift.framework",
				"${BUILT_PRODUCTS_DIR}/MnemonicKit/MnemonicKit.framework",
				"${BUILT_PRODUCTS_DIR}/Result/Result.framework",
				"${BUILT_PRODUCTS_DIR}/SipHash/SipHash.framework",
				"${BUILT_PRODUCTS_DIR}/Sodium/Sodium.framework",
				"${BUILT_PRODUCTS_DIR}/TezosSwift/TezosSwift.framework",
			);
			name = "[CP] Embed Pods Frameworks";
			outputFileListPaths = (
			);
			outputPaths = (
				"${TARGET_BUILD_DIR}/${FRAMEWORKS_FOLDER_PATH}/BigInt.framework",
				"${TARGET_BUILD_DIR}/${FRAMEWORKS_FOLDER_PATH}/CryptoSwift.framework",
				"${TARGET_BUILD_DIR}/${FRAMEWORKS_FOLDER_PATH}/MnemonicKit.framework",
				"${TARGET_BUILD_DIR}/${FRAMEWORKS_FOLDER_PATH}/Result.framework",
				"${TARGET_BUILD_DIR}/${FRAMEWORKS_FOLDER_PATH}/SipHash.framework",
				"${TARGET_BUILD_DIR}/${FRAMEWORKS_FOLDER_PATH}/Sodium.framework",
				"${TARGET_BUILD_DIR}/${FRAMEWORKS_FOLDER_PATH}/TezosSwift.framework",
			);
			runOnlyForDeploymentPostprocessing = 0;
			shellPath = /bin/sh;
			shellScript = "\"${SRCROOT}/Pods/Target Support Files/Pods-TezosSwift_Example-UnitTests/Pods-TezosSwift_Example-UnitTests-frameworks.sh\"\n";
			showEnvVarsInLog = 0;
		};
		C14C45BA08903E54B85E98B2 /* [CP] Embed Pods Frameworks */ = {
			isa = PBXShellScriptBuildPhase;
			buildActionMask = 2147483647;
			files = (
			);
			inputFileListPaths = (
			);
			inputPaths = (
				"${SRCROOT}/Pods/Target Support Files/Pods-TezosSwift_Example-IntegrationTests/Pods-TezosSwift_Example-IntegrationTests-frameworks.sh",
				"${BUILT_PRODUCTS_DIR}/BigInt/BigInt.framework",
				"${BUILT_PRODUCTS_DIR}/CryptoSwift/CryptoSwift.framework",
				"${BUILT_PRODUCTS_DIR}/MnemonicKit/MnemonicKit.framework",
				"${BUILT_PRODUCTS_DIR}/Result/Result.framework",
				"${BUILT_PRODUCTS_DIR}/SipHash/SipHash.framework",
				"${BUILT_PRODUCTS_DIR}/Sodium/Sodium.framework",
				"${BUILT_PRODUCTS_DIR}/TezosSwift/TezosSwift.framework",
			);
			name = "[CP] Embed Pods Frameworks";
			outputFileListPaths = (
			);
			outputPaths = (
				"${TARGET_BUILD_DIR}/${FRAMEWORKS_FOLDER_PATH}/BigInt.framework",
				"${TARGET_BUILD_DIR}/${FRAMEWORKS_FOLDER_PATH}/CryptoSwift.framework",
				"${TARGET_BUILD_DIR}/${FRAMEWORKS_FOLDER_PATH}/MnemonicKit.framework",
				"${TARGET_BUILD_DIR}/${FRAMEWORKS_FOLDER_PATH}/Result.framework",
				"${TARGET_BUILD_DIR}/${FRAMEWORKS_FOLDER_PATH}/SipHash.framework",
				"${TARGET_BUILD_DIR}/${FRAMEWORKS_FOLDER_PATH}/Sodium.framework",
				"${TARGET_BUILD_DIR}/${FRAMEWORKS_FOLDER_PATH}/TezosSwift.framework",
			);
			runOnlyForDeploymentPostprocessing = 0;
			shellPath = /bin/sh;
			shellScript = "\"${SRCROOT}/Pods/Target Support Files/Pods-TezosSwift_Example-IntegrationTests/Pods-TezosSwift_Example-IntegrationTests-frameworks.sh\"\n";
			showEnvVarsInLog = 0;
		};
		F9E1C2C07E3C6A6D7B6C11E4 /* [CP] Embed Pods Frameworks */ = {
			isa = PBXShellScriptBuildPhase;
			buildActionMask = 2147483647;
			files = (
			);
			inputFileListPaths = (
			);
			inputPaths = (
				"${SRCROOT}/Pods/Target Support Files/Pods-TezosSwift_Example/Pods-TezosSwift_Example-frameworks.sh",
				"${BUILT_PRODUCTS_DIR}/BigInt/BigInt.framework",
				"${BUILT_PRODUCTS_DIR}/CryptoSwift/CryptoSwift.framework",
				"${BUILT_PRODUCTS_DIR}/MnemonicKit/MnemonicKit.framework",
				"${BUILT_PRODUCTS_DIR}/Result/Result.framework",
				"${BUILT_PRODUCTS_DIR}/SipHash/SipHash.framework",
				"${BUILT_PRODUCTS_DIR}/Sodium/Sodium.framework",
				"${BUILT_PRODUCTS_DIR}/TezosSwift/TezosSwift.framework",
			);
			name = "[CP] Embed Pods Frameworks";
			outputFileListPaths = (
			);
			outputPaths = (
				"${TARGET_BUILD_DIR}/${FRAMEWORKS_FOLDER_PATH}/BigInt.framework",
				"${TARGET_BUILD_DIR}/${FRAMEWORKS_FOLDER_PATH}/CryptoSwift.framework",
				"${TARGET_BUILD_DIR}/${FRAMEWORKS_FOLDER_PATH}/MnemonicKit.framework",
				"${TARGET_BUILD_DIR}/${FRAMEWORKS_FOLDER_PATH}/Result.framework",
				"${TARGET_BUILD_DIR}/${FRAMEWORKS_FOLDER_PATH}/SipHash.framework",
				"${TARGET_BUILD_DIR}/${FRAMEWORKS_FOLDER_PATH}/Sodium.framework",
				"${TARGET_BUILD_DIR}/${FRAMEWORKS_FOLDER_PATH}/TezosSwift.framework",
			);
			runOnlyForDeploymentPostprocessing = 0;
			shellPath = /bin/sh;
			shellScript = "\"${SRCROOT}/Pods/Target Support Files/Pods-TezosSwift_Example/Pods-TezosSwift_Example-frameworks.sh\"\n";
			showEnvVarsInLog = 0;
		};
/* End PBXShellScriptBuildPhase section */

/* Begin PBXSourcesBuildPhase section */
		7AA8F3522160158000C05895 /* Sources */ = {
			isa = PBXSourcesBuildPhase;
			buildActionMask = 2147483647;
			files = (
				F8BECFBA218CB4C7006186FD /* TezosViewController.swift in Sources */,
				7AA8F35A2160158000C05895 /* AppDelegate.swift in Sources */,
				A547233DB6E9CC5797760985 /* TestContract.swift in Sources */,
				A1AF532A28DBBD6A8810AB19 /* SharedContract.swift in Sources */,
				7CBD2E8F1583B91851B443DA /* IntContract.swift in Sources */,
				BCC57FACC86B3DD9F9BF0047 /* OptionalStringContract.swift in Sources */,
				CE7A5CAF42CFFD5CE7D922A5 /* OptionalPairBoolContract.swift in Sources */,
				AAEA07E03D3AFB5D514766F2 /* StringSetContract.swift in Sources */,
				74D703DBDC737C2F0A302D6F /* PackUnpackContract.swift in Sources */,
				3A6D9EC5002D98E2401EC840 /* BytesContract.swift in Sources */,
				F85F0CC521B145BD0074E391 /* Secret.swift in Sources */,
				C3398FA1CF89EA3F00D99CB1 /* OrSwapContract.swift in Sources */,
				FC6EE98DE4852D30AEB798F4 /* KeyHashContract.swift in Sources */,
				5C460B49C0F34D2C0CA27201 /* ParameterPairContract.swift in Sources */,
				AFBD9CCC74FD2AF277147808 /* MutezContract.swift in Sources */,
				45549B8B5E7DE6F26CADFE98 /* MapContract.swift in Sources */,
				4BA4130F6AFF1A21D7FD7780 /* KeyContract.swift in Sources */,
				D8D9925E5DBF4927EA616D56 /* NatSetContract.swift in Sources */,
				890C34C70B85C646C7A31F34 /* NatContract.swift in Sources */,
			);
			runOnlyForDeploymentPostprocessing = 0;
		};
		F85F0CAF21B139250074E391 /* Sources */ = {
			isa = PBXSourcesBuildPhase;
			buildActionMask = 2147483647;
			files = (
				F85F0CBF21B13A000074E391 /* WalletTests.swift in Sources */,
				F85F0CBD21B13A000074E391 /* TezosBalanceTest.swift in Sources */,
				F85F0CBE21B13A000074E391 /* AbstractOperationTest.swift in Sources */,
				F85F0CC321B13A000074E391 /* ContractStorageTests.swift in Sources */,
				F85F0CC021B13A000074E391 /* CryptoTests.swift in Sources */,
				F85F0CC221B13A000074E391 /* CallEncodingTests.swift in Sources */,
				F85F0CC121B13A000074E391 /* MnemonicUtilsTest.swift in Sources */,
			);
			runOnlyForDeploymentPostprocessing = 0;
		};
		F85F0CC621B151D20074E391 /* Sources */ = {
			isa = PBXSourcesBuildPhase;
			buildActionMask = 2147483647;
			files = (
				F85F0CD521B152030074E391 /* ContractCallTests.swift in Sources */,
				F85F0CD421B152030074E391 /* TezosRPCTest.swift in Sources */,
				F85F0CD621B152030074E391 /* ContractStorageTests.swift in Sources */,
			);
			runOnlyForDeploymentPostprocessing = 0;
		};
/* End PBXSourcesBuildPhase section */

/* Begin PBXTargetDependency section */
		F85F0CB921B139250074E391 /* PBXTargetDependency */ = {
			isa = PBXTargetDependency;
			target = 7AA8F3552160158000C05895 /* TezosSwift_Example */;
			targetProxy = F85F0CB821B139250074E391 /* PBXContainerItemProxy */;
		};
		F85F0CD021B151D20074E391 /* PBXTargetDependency */ = {
			isa = PBXTargetDependency;
			target = 7AA8F3552160158000C05895 /* TezosSwift_Example */;
			targetProxy = F85F0CCF21B151D20074E391 /* PBXContainerItemProxy */;
		};
/* End PBXTargetDependency section */

/* Begin PBXVariantGroup section */
		7AA8F3622160158100C05895 /* LaunchScreen.storyboard */ = {
			isa = PBXVariantGroup;
			children = (
				7AA8F3632160158100C05895 /* Base */,
			);
			name = LaunchScreen.storyboard;
			sourceTree = "<group>";
		};
/* End PBXVariantGroup section */

/* Begin XCBuildConfiguration section */
		7AA8F3662160158100C05895 /* Debug */ = {
			isa = XCBuildConfiguration;
			buildSettings = {
				ALWAYS_SEARCH_USER_PATHS = NO;
				CLANG_ANALYZER_NONNULL = YES;
				CLANG_ANALYZER_NUMBER_OBJECT_CONVERSION = YES_AGGRESSIVE;
				CLANG_CXX_LANGUAGE_STANDARD = "gnu++14";
				CLANG_CXX_LIBRARY = "libc++";
				CLANG_ENABLE_MODULES = YES;
				CLANG_ENABLE_OBJC_ARC = YES;
				CLANG_ENABLE_OBJC_WEAK = YES;
				CLANG_WARN_BLOCK_CAPTURE_AUTORELEASING = YES;
				CLANG_WARN_BOOL_CONVERSION = YES;
				CLANG_WARN_COMMA = YES;
				CLANG_WARN_CONSTANT_CONVERSION = YES;
				CLANG_WARN_DEPRECATED_OBJC_IMPLEMENTATIONS = YES;
				CLANG_WARN_DIRECT_OBJC_ISA_USAGE = YES_ERROR;
				CLANG_WARN_DOCUMENTATION_COMMENTS = YES;
				CLANG_WARN_EMPTY_BODY = YES;
				CLANG_WARN_ENUM_CONVERSION = YES;
				CLANG_WARN_INFINITE_RECURSION = YES;
				CLANG_WARN_INT_CONVERSION = YES;
				CLANG_WARN_NON_LITERAL_NULL_CONVERSION = YES;
				CLANG_WARN_OBJC_IMPLICIT_RETAIN_SELF = YES;
				CLANG_WARN_OBJC_LITERAL_CONVERSION = YES;
				CLANG_WARN_OBJC_ROOT_CLASS = YES_ERROR;
				CLANG_WARN_RANGE_LOOP_ANALYSIS = YES;
				CLANG_WARN_STRICT_PROTOTYPES = YES;
				CLANG_WARN_SUSPICIOUS_MOVE = YES;
				CLANG_WARN_UNGUARDED_AVAILABILITY = YES_AGGRESSIVE;
				CLANG_WARN_UNREACHABLE_CODE = YES;
				CLANG_WARN__DUPLICATE_METHOD_MATCH = YES;
				CODE_SIGN_IDENTITY = "iPhone Developer";
				COPY_PHASE_STRIP = NO;
				DEBUG_INFORMATION_FORMAT = dwarf;
				ENABLE_STRICT_OBJC_MSGSEND = YES;
				ENABLE_TESTABILITY = YES;
				GCC_C_LANGUAGE_STANDARD = gnu11;
				GCC_DYNAMIC_NO_PIC = NO;
				GCC_NO_COMMON_BLOCKS = YES;
				GCC_OPTIMIZATION_LEVEL = 0;
				GCC_PREPROCESSOR_DEFINITIONS = (
					"DEBUG=1",
					"$(inherited)",
				);
				GCC_WARN_64_TO_32_BIT_CONVERSION = YES;
				GCC_WARN_ABOUT_RETURN_TYPE = YES_ERROR;
				GCC_WARN_UNDECLARED_SELECTOR = YES;
				GCC_WARN_UNINITIALIZED_AUTOS = YES_AGGRESSIVE;
				GCC_WARN_UNUSED_FUNCTION = YES;
				GCC_WARN_UNUSED_VARIABLE = YES;
				IPHONEOS_DEPLOYMENT_TARGET = 12.0;
				MTL_ENABLE_DEBUG_INFO = INCLUDE_SOURCE;
				MTL_FAST_MATH = YES;
				ONLY_ACTIVE_ARCH = YES;
				SDKROOT = iphoneos;
				SWIFT_ACTIVE_COMPILATION_CONDITIONS = DEBUG;
				SWIFT_OPTIMIZATION_LEVEL = "-Onone";
			};
			name = Debug;
		};
		7AA8F3672160158100C05895 /* Release */ = {
			isa = XCBuildConfiguration;
			buildSettings = {
				ALWAYS_SEARCH_USER_PATHS = NO;
				CLANG_ANALYZER_NONNULL = YES;
				CLANG_ANALYZER_NUMBER_OBJECT_CONVERSION = YES_AGGRESSIVE;
				CLANG_CXX_LANGUAGE_STANDARD = "gnu++14";
				CLANG_CXX_LIBRARY = "libc++";
				CLANG_ENABLE_MODULES = YES;
				CLANG_ENABLE_OBJC_ARC = YES;
				CLANG_ENABLE_OBJC_WEAK = YES;
				CLANG_WARN_BLOCK_CAPTURE_AUTORELEASING = YES;
				CLANG_WARN_BOOL_CONVERSION = YES;
				CLANG_WARN_COMMA = YES;
				CLANG_WARN_CONSTANT_CONVERSION = YES;
				CLANG_WARN_DEPRECATED_OBJC_IMPLEMENTATIONS = YES;
				CLANG_WARN_DIRECT_OBJC_ISA_USAGE = YES_ERROR;
				CLANG_WARN_DOCUMENTATION_COMMENTS = YES;
				CLANG_WARN_EMPTY_BODY = YES;
				CLANG_WARN_ENUM_CONVERSION = YES;
				CLANG_WARN_INFINITE_RECURSION = YES;
				CLANG_WARN_INT_CONVERSION = YES;
				CLANG_WARN_NON_LITERAL_NULL_CONVERSION = YES;
				CLANG_WARN_OBJC_IMPLICIT_RETAIN_SELF = YES;
				CLANG_WARN_OBJC_LITERAL_CONVERSION = YES;
				CLANG_WARN_OBJC_ROOT_CLASS = YES_ERROR;
				CLANG_WARN_RANGE_LOOP_ANALYSIS = YES;
				CLANG_WARN_STRICT_PROTOTYPES = YES;
				CLANG_WARN_SUSPICIOUS_MOVE = YES;
				CLANG_WARN_UNGUARDED_AVAILABILITY = YES_AGGRESSIVE;
				CLANG_WARN_UNREACHABLE_CODE = YES;
				CLANG_WARN__DUPLICATE_METHOD_MATCH = YES;
				CODE_SIGN_IDENTITY = "iPhone Developer";
				COPY_PHASE_STRIP = NO;
				DEBUG_INFORMATION_FORMAT = "dwarf-with-dsym";
				ENABLE_NS_ASSERTIONS = NO;
				ENABLE_STRICT_OBJC_MSGSEND = YES;
				GCC_C_LANGUAGE_STANDARD = gnu11;
				GCC_NO_COMMON_BLOCKS = YES;
				GCC_WARN_64_TO_32_BIT_CONVERSION = YES;
				GCC_WARN_ABOUT_RETURN_TYPE = YES_ERROR;
				GCC_WARN_UNDECLARED_SELECTOR = YES;
				GCC_WARN_UNINITIALIZED_AUTOS = YES_AGGRESSIVE;
				GCC_WARN_UNUSED_FUNCTION = YES;
				GCC_WARN_UNUSED_VARIABLE = YES;
				IPHONEOS_DEPLOYMENT_TARGET = 12.0;
				MTL_ENABLE_DEBUG_INFO = NO;
				MTL_FAST_MATH = YES;
				SDKROOT = iphoneos;
				SWIFT_COMPILATION_MODE = wholemodule;
				SWIFT_OPTIMIZATION_LEVEL = "-O";
				VALIDATE_PRODUCT = YES;
			};
			name = Release;
		};
		7AA8F3692160158100C05895 /* Debug */ = {
			isa = XCBuildConfiguration;
			baseConfigurationReference = A94B1790A85FA9FF0970BA16 /* Pods-TezosSwift_Example.debug.xcconfig */;
			buildSettings = {
				ASSETCATALOG_COMPILER_APPICON_NAME = AppIcon;
				CLANG_ENABLE_MODULES = YES;
				CODE_SIGN_STYLE = Manual;
				DEVELOPMENT_TEAM = "";
				INFOPLIST_FILE = "$(SRCROOT)/Sources/App/Info.plist";
				LD_RUNPATH_SEARCH_PATHS = (
					"$(inherited)",
					"@executable_path/Frameworks",
				);
				PRODUCT_BUNDLE_IDENTIFIER = ackee.TezosSwift;
				PRODUCT_NAME = "$(TARGET_NAME)";
				PROVISIONING_PROFILE_SPECIFIER = "";
				SWIFT_OBJC_BRIDGING_HEADER = "";
				SWIFT_OPTIMIZATION_LEVEL = "-Onone";
				SWIFT_VERSION = 4.2;
				TARGETED_DEVICE_FAMILY = "1,2";
			};
			name = Debug;
		};
		7AA8F36A2160158100C05895 /* Release */ = {
			isa = XCBuildConfiguration;
			baseConfigurationReference = 79F93F731818ABF0C1BD6DA3 /* Pods-TezosSwift_Example.release.xcconfig */;
			buildSettings = {
				ASSETCATALOG_COMPILER_APPICON_NAME = AppIcon;
				CLANG_ENABLE_MODULES = YES;
				CODE_SIGN_STYLE = Manual;
				DEVELOPMENT_TEAM = "";
				INFOPLIST_FILE = "$(SRCROOT)/Sources/App/Info.plist";
				LD_RUNPATH_SEARCH_PATHS = (
					"$(inherited)",
					"@executable_path/Frameworks",
				);
				PRODUCT_BUNDLE_IDENTIFIER = ackee.TezosSwift;
				PRODUCT_NAME = "$(TARGET_NAME)";
				PROVISIONING_PROFILE_SPECIFIER = "";
				SWIFT_OBJC_BRIDGING_HEADER = "";
				SWIFT_VERSION = 4.2;
				TARGETED_DEVICE_FAMILY = "1,2";
			};
			name = Release;
		};
		F85F0CBB21B139250074E391 /* Debug */ = {
			isa = XCBuildConfiguration;
			baseConfigurationReference = B7314248D801C9EAC57F48C3 /* Pods-TezosSwift_Example-UnitTests.debug.xcconfig */;
			buildSettings = {
				BUNDLE_LOADER = "$(TEST_HOST)";
				CODE_SIGN_STYLE = Automatic;
				INFOPLIST_FILE = UnitTests/Info.plist;
				IPHONEOS_DEPLOYMENT_TARGET = 12.1;
				LD_RUNPATH_SEARCH_PATHS = (
					"$(inherited)",
					"@executable_path/Frameworks",
					"@loader_path/Frameworks",
				);
				PRODUCT_BUNDLE_IDENTIFIER = marekfort.UnitTests;
				PRODUCT_NAME = "$(TARGET_NAME)";
				SWIFT_VERSION = 4.2;
				TARGETED_DEVICE_FAMILY = "1,2";
				TEST_HOST = "$(BUILT_PRODUCTS_DIR)/TezosSwift_Example.app/TezosSwift_Example";
			};
			name = Debug;
		};
		F85F0CBC21B139250074E391 /* Release */ = {
			isa = XCBuildConfiguration;
			baseConfigurationReference = 09B08880241EA989018F0F3A /* Pods-TezosSwift_Example-UnitTests.release.xcconfig */;
			buildSettings = {
				BUNDLE_LOADER = "$(TEST_HOST)";
				CODE_SIGN_STYLE = Automatic;
				INFOPLIST_FILE = UnitTests/Info.plist;
				IPHONEOS_DEPLOYMENT_TARGET = 12.1;
				LD_RUNPATH_SEARCH_PATHS = (
					"$(inherited)",
					"@executable_path/Frameworks",
					"@loader_path/Frameworks",
				);
				PRODUCT_BUNDLE_IDENTIFIER = marekfort.UnitTests;
				PRODUCT_NAME = "$(TARGET_NAME)";
				SWIFT_VERSION = 4.2;
				TARGETED_DEVICE_FAMILY = "1,2";
				TEST_HOST = "$(BUILT_PRODUCTS_DIR)/TezosSwift_Example.app/TezosSwift_Example";
			};
			name = Release;
		};
		F85F0CD221B151D30074E391 /* Debug */ = {
			isa = XCBuildConfiguration;
			baseConfigurationReference = 1D04D394A5F3089FCC734900 /* Pods-TezosSwift_Example-IntegrationTests.debug.xcconfig */;
			buildSettings = {
				BUNDLE_LOADER = "$(TEST_HOST)";
				CODE_SIGN_STYLE = Automatic;
				INFOPLIST_FILE = IntegrationTests/Info.plist;
				IPHONEOS_DEPLOYMENT_TARGET = 12.1;
				LD_RUNPATH_SEARCH_PATHS = (
					"$(inherited)",
					"@executable_path/Frameworks",
					"@loader_path/Frameworks",
				);
				PRODUCT_BUNDLE_IDENTIFIER = marekfort.IntegrationTests;
				PRODUCT_NAME = "$(TARGET_NAME)";
				SWIFT_VERSION = 4.2;
				TARGETED_DEVICE_FAMILY = "1,2";
				TEST_HOST = "$(BUILT_PRODUCTS_DIR)/TezosSwift_Example.app/TezosSwift_Example";
			};
			name = Debug;
		};
		F85F0CD321B151D30074E391 /* Release */ = {
			isa = XCBuildConfiguration;
			baseConfigurationReference = 6C4CA6483BE8320E2EDBE7ED /* Pods-TezosSwift_Example-IntegrationTests.release.xcconfig */;
			buildSettings = {
				BUNDLE_LOADER = "$(TEST_HOST)";
				CODE_SIGN_STYLE = Automatic;
				INFOPLIST_FILE = IntegrationTests/Info.plist;
				IPHONEOS_DEPLOYMENT_TARGET = 12.1;
				LD_RUNPATH_SEARCH_PATHS = (
					"$(inherited)",
					"@executable_path/Frameworks",
					"@loader_path/Frameworks",
				);
				PRODUCT_BUNDLE_IDENTIFIER = marekfort.IntegrationTests;
				PRODUCT_NAME = "$(TARGET_NAME)";
				SWIFT_VERSION = 4.2;
				TARGETED_DEVICE_FAMILY = "1,2";
				TEST_HOST = "$(BUILT_PRODUCTS_DIR)/TezosSwift_Example.app/TezosSwift_Example";
			};
			name = Release;
		};
/* End XCBuildConfiguration section */

/* Begin XCConfigurationList section */
		7AA8F3512160158000C05895 /* Build configuration list for PBXProject "TezosSwift" */ = {
			isa = XCConfigurationList;
			buildConfigurations = (
				7AA8F3662160158100C05895 /* Debug */,
				7AA8F3672160158100C05895 /* Release */,
			);
			defaultConfigurationIsVisible = 0;
			defaultConfigurationName = Release;
		};
		7AA8F3682160158100C05895 /* Build configuration list for PBXNativeTarget "TezosSwift_Example" */ = {
			isa = XCConfigurationList;
			buildConfigurations = (
				7AA8F3692160158100C05895 /* Debug */,
				7AA8F36A2160158100C05895 /* Release */,
			);
			defaultConfigurationIsVisible = 0;
			defaultConfigurationName = Release;
		};
		F85F0CBA21B139250074E391 /* Build configuration list for PBXNativeTarget "UnitTests" */ = {
			isa = XCConfigurationList;
			buildConfigurations = (
				F85F0CBB21B139250074E391 /* Debug */,
				F85F0CBC21B139250074E391 /* Release */,
			);
			defaultConfigurationIsVisible = 0;
			defaultConfigurationName = Release;
		};
		F85F0CD121B151D30074E391 /* Build configuration list for PBXNativeTarget "IntegrationTests" */ = {
			isa = XCConfigurationList;
			buildConfigurations = (
				F85F0CD221B151D30074E391 /* Debug */,
				F85F0CD321B151D30074E391 /* Release */,
			);
			defaultConfigurationIsVisible = 0;
			defaultConfigurationName = Release;
		};
/* End XCConfigurationList section */
	};
	rootObject = 7AA8F34E2160158000C05895 /* Project object */;
}
