// !$*UTF8*$!
{
	archiveVersion = 1;
	classes = {
	};
	objectVersion = 50;
	objects = {

/* Begin PBXBuildFile section */
		8F4384A1221C29F40003BD0B /* Cancelable.swift in Sources */ = {isa = PBXBuildFile; fileRef = 8F43849E221C29F40003BD0B /* Cancelable.swift */; };
		8F4384A2221C29F40003BD0B /* Atomic.swift in Sources */ = {isa = PBXBuildFile; fileRef = 8F43849F221C29F40003BD0B /* Atomic.swift */; };
		8F4384A3221C29F40003BD0B /* Completable.swift in Sources */ = {isa = PBXBuildFile; fileRef = 8F4384A0221C29F40003BD0B /* Completable.swift */; };
		8F4384A5221C2CC60003BD0B /* CompletableTests.swift in Sources */ = {isa = PBXBuildFile; fileRef = 8F4384A4221C2CC60003BD0B /* CompletableTests.swift */; };
		8F8DDF5B221C7B580008F688 /* Execution.swift in Sources */ = {isa = PBXBuildFile; fileRef = 8F8DDF5A221C7B580008F688 /* Execution.swift */; };
		8FAB19B1221D736300DD3F9B /* ExecutionTests.swift in Sources */ = {isa = PBXBuildFile; fileRef = 8FAB19B0221D736300DD3F9B /* ExecutionTests.swift */; };
		F809FA1F21C2518C008D4A0E /* GasTests.swift in Sources */ = {isa = PBXBuildFile; fileRef = F809FA1E21C2518C008D4A0E /* GasTests.swift */; };
		F84A54012387D8A3005D0367 /* TezosSwiftCombine.framework in Frameworks */ = {isa = PBXBuildFile; fileRef = F84A53F82387D8A3005D0367 /* TezosSwiftCombine.framework */; };
		F84A54082387D8A3005D0367 /* TezosSwift_CombineTests.swift in Sources */ = {isa = PBXBuildFile; fileRef = F84A54072387D8A3005D0367 /* TezosSwift_CombineTests.swift */; };
		F84A540D2387D8A3005D0367 /* TezosSwiftCombine.framework in Frameworks */ = {isa = PBXBuildFile; fileRef = F84A53F82387D8A3005D0367 /* TezosSwiftCombine.framework */; };
		F84A540E2387D8A3005D0367 /* TezosSwiftCombine.framework in Embed Frameworks */ = {isa = PBXBuildFile; fileRef = F84A53F82387D8A3005D0367 /* TezosSwiftCombine.framework */; settings = {ATTRIBUTES = (CodeSignOnCopy, RemoveHeadersOnCopy, ); }; };
		F84A54162387D8C8005D0367 /* ContractPublisher.swift in Sources */ = {isa = PBXBuildFile; fileRef = F84A54152387D8C8005D0367 /* ContractPublisher.swift */; };
		F84A54182387D8EF005D0367 /* ContractSubscription.swift in Sources */ = {isa = PBXBuildFile; fileRef = F84A54172387D8EF005D0367 /* ContractSubscription.swift */; };
		F84A541B2387D920005D0367 /* TezosClient+Combine.swift in Sources */ = {isa = PBXBuildFile; fileRef = F84A541A2387D920005D0367 /* TezosClient+Combine.swift */; };
		F85F0CBD21B13A000074E391 /* TezosBalanceTest.swift in Sources */ = {isa = PBXBuildFile; fileRef = 7ABC857F2182A072006DE8FD /* TezosBalanceTest.swift */; };
		F85F0CBE21B13A000074E391 /* AbstractOperationTest.swift in Sources */ = {isa = PBXBuildFile; fileRef = 7ABC85832182AE86006DE8FD /* AbstractOperationTest.swift */; };
		F85F0CBF21B13A000074E391 /* WalletTests.swift in Sources */ = {isa = PBXBuildFile; fileRef = 7ABC857D21826C71006DE8FD /* WalletTests.swift */; };
		F85F0CC021B13A000074E391 /* CryptoTests.swift in Sources */ = {isa = PBXBuildFile; fileRef = 7ABC85812182A595006DE8FD /* CryptoTests.swift */; };
		F85F0CC121B13A000074E391 /* MnemonicUtilsTest.swift in Sources */ = {isa = PBXBuildFile; fileRef = 7ABC856D2182655E006DE8FD /* MnemonicUtilsTest.swift */; };
		F85F0CC221B13A000074E391 /* CallEncodingTests.swift in Sources */ = {isa = PBXBuildFile; fileRef = F864CC0F21AC11990014B357 /* CallEncodingTests.swift */; };
		F85F0CC321B13A000074E391 /* ContractStorageTests.swift in Sources */ = {isa = PBXBuildFile; fileRef = F85F88C321A6D8DD00786AEC /* ContractStorageTests.swift */; };
		F85F0CD421B152030074E391 /* TezosRPCTest.swift in Sources */ = {isa = PBXBuildFile; fileRef = 7ABC859B2183973F006DE8FD /* TezosRPCTest.swift */; };
		F85F0CD521B152030074E391 /* ContractCallTests.swift in Sources */ = {isa = PBXBuildFile; fileRef = F84C55982199AE3000068596 /* ContractCallTests.swift */; };
		F85F0CD621B152030074E391 /* ContractStorageTests.swift in Sources */ = {isa = PBXBuildFile; fileRef = F84C55962199ADCC00068596 /* ContractStorageTests.swift */; };
		F868267421CD1295003C7D4D /* Assets.xcassets in Resources */ = {isa = PBXBuildFile; fileRef = F868264321CD1295003C7D4D /* Assets.xcassets */; };
		F868267521CD1295003C7D4D /* LaunchScreen.storyboard in Resources */ = {isa = PBXBuildFile; fileRef = F868264421CD1295003C7D4D /* LaunchScreen.storyboard */; };
		F868267621CD1295003C7D4D /* AppDelegate.swift in Sources */ = {isa = PBXBuildFile; fileRef = F868264621CD1295003C7D4D /* AppDelegate.swift */; };
		F868267821CD1295003C7D4D /* TezosViewController.swift in Sources */ = {isa = PBXBuildFile; fileRef = F868264821CD1295003C7D4D /* TezosViewController.swift */; };
		F868267921CD1295003C7D4D /* unit_pair_abi.json in Resources */ = {isa = PBXBuildFile; fileRef = F868264A21CD1295003C7D4D /* unit_pair_abi.json */; };
		F868267A21CD1295003C7D4D /* optional_pair_bool_abi.json in Resources */ = {isa = PBXBuildFile; fileRef = F868264B21CD1295003C7D4D /* optional_pair_bool_abi.json */; };
		F868267B21CD1295003C7D4D /* packunpack_abi.json in Resources */ = {isa = PBXBuildFile; fileRef = F868264C21CD1295003C7D4D /* packunpack_abi.json */; };
		F868267C21CD1295003C7D4D /* nat_set_abi.json in Resources */ = {isa = PBXBuildFile; fileRef = F868264D21CD1295003C7D4D /* nat_set_abi.json */; };
		F868267D21CD1295003C7D4D /* int_list_abi.json in Resources */ = {isa = PBXBuildFile; fileRef = F868264E21CD1295003C7D4D /* int_list_abi.json */; };
		F868267E21CD1295003C7D4D /* timestamp_abi.json in Resources */ = {isa = PBXBuildFile; fileRef = F868264F21CD1295003C7D4D /* timestamp_abi.json */; };
		F868267F21CD1295003C7D4D /* or_swap_abi.json in Resources */ = {isa = PBXBuildFile; fileRef = F868265021CD1295003C7D4D /* or_swap_abi.json */; };
		F868268021CD1295003C7D4D /* string_set_abi.json in Resources */ = {isa = PBXBuildFile; fileRef = F868265121CD1295003C7D4D /* string_set_abi.json */; };
		F868268121CD1295003C7D4D /* int_abi.json in Resources */ = {isa = PBXBuildFile; fileRef = F868265221CD1295003C7D4D /* int_abi.json */; };
		F868268221CD1295003C7D4D /* key_abi.json in Resources */ = {isa = PBXBuildFile; fileRef = F868265321CD1295003C7D4D /* key_abi.json */; };
		F868268321CD1295003C7D4D /* bytes_abi.json in Resources */ = {isa = PBXBuildFile; fileRef = F868265421CD1295003C7D4D /* bytes_abi.json */; };
		F868268421CD1295003C7D4D /* mutez_abi.json in Resources */ = {isa = PBXBuildFile; fileRef = F868265521CD1295003C7D4D /* mutez_abi.json */; };
		F868268521CD1295003C7D4D /* string_optional_abi.json in Resources */ = {isa = PBXBuildFile; fileRef = F868265621CD1295003C7D4D /* string_optional_abi.json */; };
		F868268621CD1295003C7D4D /* set_member_abi.json in Resources */ = {isa = PBXBuildFile; fileRef = F868265721CD1295003C7D4D /* set_member_abi.json */; };
		F868268721CD1295003C7D4D /* map_abi.json in Resources */ = {isa = PBXBuildFile; fileRef = F868265821CD1295003C7D4D /* map_abi.json */; };
		F868268821CD1295003C7D4D /* optional_string_abi.json in Resources */ = {isa = PBXBuildFile; fileRef = F868265921CD1295003C7D4D /* optional_string_abi.json */; };
		F868268921CD1295003C7D4D /* nat_abi.json in Resources */ = {isa = PBXBuildFile; fileRef = F868265A21CD1295003C7D4D /* nat_abi.json */; };
		F868268A21CD1295003C7D4D /* parameter_pair_abi.json in Resources */ = {isa = PBXBuildFile; fileRef = F868265B21CD1295003C7D4D /* parameter_pair_abi.json */; };
		F868268B21CD1295003C7D4D /* key_hash_abi.json in Resources */ = {isa = PBXBuildFile; fileRef = F868265C21CD1295003C7D4D /* key_hash_abi.json */; };
		F868268C21CD1295003C7D4D /* pair_abi.json in Resources */ = {isa = PBXBuildFile; fileRef = F868265D21CD1295003C7D4D /* pair_abi.json */; };
		F868268D21CD1295003C7D4D /* address_abi.json in Resources */ = {isa = PBXBuildFile; fileRef = F868265E21CD1295003C7D4D /* address_abi.json */; };
		F868268E21CD1295003C7D4D /* MutezContract.swift in Sources */ = {isa = PBXBuildFile; fileRef = F868266021CD1295003C7D4D /* MutezContract.swift */; };
		F868268F21CD1295003C7D4D /* IntListContract.swift in Sources */ = {isa = PBXBuildFile; fileRef = F868266121CD1295003C7D4D /* IntListContract.swift */; };
		F868269021CD1295003C7D4D /* TestContract.swift in Sources */ = {isa = PBXBuildFile; fileRef = F868266221CD1295003C7D4D /* TestContract.swift */; };
		F868269121CD1295003C7D4D /* MapContract.swift in Sources */ = {isa = PBXBuildFile; fileRef = F868266321CD1295003C7D4D /* MapContract.swift */; };
		F868269221CD1295003C7D4D /* BytesContract.swift in Sources */ = {isa = PBXBuildFile; fileRef = F868266421CD1295003C7D4D /* BytesContract.swift */; };
		F868269321CD1295003C7D4D /* OrSwapContract.swift in Sources */ = {isa = PBXBuildFile; fileRef = F868266521CD1295003C7D4D /* OrSwapContract.swift */; };
		F868269421CD1295003C7D4D /* NatSetContract.swift in Sources */ = {isa = PBXBuildFile; fileRef = F868266621CD1295003C7D4D /* NatSetContract.swift */; };
		F868269521CD1295003C7D4D /* TimestampContract.swift in Sources */ = {isa = PBXBuildFile; fileRef = F868266721CD1295003C7D4D /* TimestampContract.swift */; };
		F868269621CD1295003C7D4D /* SetMemberContract.swift in Sources */ = {isa = PBXBuildFile; fileRef = F868266821CD1295003C7D4D /* SetMemberContract.swift */; };
		F868269721CD1295003C7D4D /* StringSetContract.swift in Sources */ = {isa = PBXBuildFile; fileRef = F868266921CD1295003C7D4D /* StringSetContract.swift */; };
		F868269821CD1295003C7D4D /* KeyContract.swift in Sources */ = {isa = PBXBuildFile; fileRef = F868266A21CD1295003C7D4D /* KeyContract.swift */; };
		F868269921CD1295003C7D4D /* OptionalPairBoolContract.swift in Sources */ = {isa = PBXBuildFile; fileRef = F868266B21CD1295003C7D4D /* OptionalPairBoolContract.swift */; };
		F868269A21CD1295003C7D4D /* NatContract.swift in Sources */ = {isa = PBXBuildFile; fileRef = F868266C21CD1295003C7D4D /* NatContract.swift */; };
		F868269B21CD1295003C7D4D /* PackUnpackContract.swift in Sources */ = {isa = PBXBuildFile; fileRef = F868266D21CD1295003C7D4D /* PackUnpackContract.swift */; };
		F868269C21CD1295003C7D4D /* AddressContract.swift in Sources */ = {isa = PBXBuildFile; fileRef = F868266E21CD1295003C7D4D /* AddressContract.swift */; };
		F868269D21CD1295003C7D4D /* IntContract.swift in Sources */ = {isa = PBXBuildFile; fileRef = F868266F21CD1295003C7D4D /* IntContract.swift */; };
		F868269E21CD1295003C7D4D /* KeyHashContract.swift in Sources */ = {isa = PBXBuildFile; fileRef = F868267021CD1295003C7D4D /* KeyHashContract.swift */; };
		F868269F21CD1295003C7D4D /* OptionalStringContract.swift in Sources */ = {isa = PBXBuildFile; fileRef = F868267121CD1295003C7D4D /* OptionalStringContract.swift */; };
		F86826A021CD1295003C7D4D /* SharedContract.swift in Sources */ = {isa = PBXBuildFile; fileRef = F868267221CD1295003C7D4D /* SharedContract.swift */; };
		F86826A121CD1295003C7D4D /* ParameterPairContract.swift in Sources */ = {isa = PBXBuildFile; fileRef = F868267321CD1295003C7D4D /* ParameterPairContract.swift */; };
		F86826AE21CD1450003C7D4D /* TezosSwift.framework in Frameworks */ = {isa = PBXBuildFile; fileRef = F86826A721CD1450003C7D4D /* TezosSwift.framework */; };
		F86826AF21CD1450003C7D4D /* TezosSwift.framework in Embed Frameworks */ = {isa = PBXBuildFile; fileRef = F86826A721CD1450003C7D4D /* TezosSwift.framework */; settings = {ATTRIBUTES = (CodeSignOnCopy, RemoveHeadersOnCopy, ); }; };
		F86826E821CD146B003C7D4D /* RPCResponseHandler.swift in Sources */ = {isa = PBXBuildFile; fileRef = F86826B521CD146B003C7D4D /* RPCResponseHandler.swift */; };
		F86826E921CD146B003C7D4D /* TezosClient.swift in Sources */ = {isa = PBXBuildFile; fileRef = F86826B621CD146B003C7D4D /* TezosClient.swift */; };
		F86826EA21CD146B003C7D4D /* NetworkSession.swift in Sources */ = {isa = PBXBuildFile; fileRef = F86826B721CD146B003C7D4D /* NetworkSession.swift */; };
		F86826EB21CD146B003C7D4D /* TezosError.swift in Sources */ = {isa = PBXBuildFile; fileRef = F86826B821CD146B003C7D4D /* TezosError.swift */; };
		F86826EC21CD146B003C7D4D /* KeyPair.swift in Sources */ = {isa = PBXBuildFile; fileRef = F86826BA21CD146B003C7D4D /* KeyPair.swift */; };
		F86826ED21CD146B003C7D4D /* Crypto.swift in Sources */ = {isa = PBXBuildFile; fileRef = F86826BB21CD146B003C7D4D /* Crypto.swift */; };
		F86826EE21CD146B003C7D4D /* OperationSigningResult.swift in Sources */ = {isa = PBXBuildFile; fileRef = F86826BC21CD146B003C7D4D /* OperationSigningResult.swift */; };
		F86826EF21CD146B003C7D4D /* Base58String.swift in Sources */ = {isa = PBXBuildFile; fileRef = F86826BD21CD146B003C7D4D /* Base58String.swift */; };
		F86826F021CD146B003C7D4D /* DelegationOperation.swift in Sources */ = {isa = PBXBuildFile; fileRef = F86826BF21CD146B003C7D4D /* DelegationOperation.swift */; };
		F86826F121CD146B003C7D4D /* RevealOperation.swift in Sources */ = {isa = PBXBuildFile; fileRef = F86826C021CD146B003C7D4D /* RevealOperation.swift */; };
		F86826F221CD146B003C7D4D /* RegisterAccountOperation.swift in Sources */ = {isa = PBXBuildFile; fileRef = F86826C121CD146B003C7D4D /* RegisterAccountOperation.swift */; };
		F86826F321CD146B003C7D4D /* OperationContents.swift in Sources */ = {isa = PBXBuildFile; fileRef = F86826C221CD146B003C7D4D /* OperationContents.swift */; };
		F86826F421CD146B003C7D4D /* RegisterDelegateOperation.swift in Sources */ = {isa = PBXBuildFile; fileRef = F86826C321CD146B003C7D4D /* RegisterDelegateOperation.swift */; };
		F86826F521CD146B003C7D4D /* OperationResult.swift in Sources */ = {isa = PBXBuildFile; fileRef = F86826C421CD146B003C7D4D /* OperationResult.swift */; };
		F86826F621CD146B003C7D4D /* UndelegateOperation.swift in Sources */ = {isa = PBXBuildFile; fileRef = F86826C521CD146B003C7D4D /* UndelegateOperation.swift */; };
		F86826F721CD146B003C7D4D /* ContractOperation.swift in Sources */ = {isa = PBXBuildFile; fileRef = F86826C621CD146B003C7D4D /* ContractOperation.swift */; };
		F86826F821CD146B003C7D4D /* TransactionOperation.swift in Sources */ = {isa = PBXBuildFile; fileRef = F86826C721CD146B003C7D4D /* TransactionOperation.swift */; };
		F86826F921CD146B003C7D4D /* OperationKind.swift in Sources */ = {isa = PBXBuildFile; fileRef = F86826C821CD146B003C7D4D /* OperationKind.swift */; };
		F86826FA21CD146B003C7D4D /* OperationStatus.swift in Sources */ = {isa = PBXBuildFile; fileRef = F86826C921CD146B003C7D4D /* OperationStatus.swift */; };
		F86826FB21CD146B003C7D4D /* Operation.swift in Sources */ = {isa = PBXBuildFile; fileRef = F86826CA21CD146B003C7D4D /* Operation.swift */; };
		F86826FC21CD146B003C7D4D /* Metadata.swift in Sources */ = {isa = PBXBuildFile; fileRef = F86826CC21CD146B003C7D4D /* Metadata.swift */; };
		F86826FD21CD146B003C7D4D /* OperationPayload.swift in Sources */ = {isa = PBXBuildFile; fileRef = F86826CD21CD146B003C7D4D /* OperationPayload.swift */; };
		F86826FE21CD146B003C7D4D /* BallotsSum.swift in Sources */ = {isa = PBXBuildFile; fileRef = F86826CE21CD146B003C7D4D /* BallotsSum.swift */; };
		F86826FF21CD146B003C7D4D /* TezosMap.swift in Sources */ = {isa = PBXBuildFile; fileRef = F86826CF21CD146B003C7D4D /* TezosMap.swift */; };
		F868270021CD146B003C7D4D /* TezosOr.swift in Sources */ = {isa = PBXBuildFile; fileRef = F86826D021CD146B003C7D4D /* TezosOr.swift */; };
		F868270121CD146B003C7D4D /* Keys.swift in Sources */ = {isa = PBXBuildFile; fileRef = F86826D121CD146B003C7D4D /* Keys.swift */; };
		F868270221CD146B003C7D4D /* OperationMetadata.swift in Sources */ = {isa = PBXBuildFile; fileRef = F86826D221CD146B003C7D4D /* OperationMetadata.swift */; };
		F868270321CD146B003C7D4D /* RPCEncodable.swift in Sources */ = {isa = PBXBuildFile; fileRef = F86826D321CD146B003C7D4D /* RPCEncodable.swift */; };
		F868270421CD146B003C7D4D /* OperationFees.swift in Sources */ = {isa = PBXBuildFile; fileRef = F86826D421CD146B003C7D4D /* OperationFees.swift */; };
		F868270521CD146B003C7D4D /* StatusDelegate.swift in Sources */ = {isa = PBXBuildFile; fileRef = F86826D521CD146B003C7D4D /* StatusDelegate.swift */; };
		F868270621CD146B003C7D4D /* RPCCodable.swift in Sources */ = {isa = PBXBuildFile; fileRef = F86826D621CD146B003C7D4D /* RPCCodable.swift */; };
		F868270721CD146B003C7D4D /* ContractStatus.swift in Sources */ = {isa = PBXBuildFile; fileRef = F86826D721CD146B003C7D4D /* ContractStatus.swift */; };
		F868270921CD146B003C7D4D /* SignedRunOperationPayload.swift in Sources */ = {isa = PBXBuildFile; fileRef = F86826D921CD146B003C7D4D /* SignedRunOperationPayload.swift */; };
		F868270A21CD146B003C7D4D /* Tez.swift in Sources */ = {isa = PBXBuildFile; fileRef = F86826DA21CD146B003C7D4D /* Tez.swift */; };
		F868270B21CD146B003C7D4D /* Mutez.swift in Sources */ = {isa = PBXBuildFile; fileRef = F86826DB21CD146B003C7D4D /* Mutez.swift */; };
		F868270C21CD146B003C7D4D /* TezosPair.swift in Sources */ = {isa = PBXBuildFile; fileRef = F86826DC21CD146B003C7D4D /* TezosPair.swift */; };
		F868270D21CD146B003C7D4D /* SignedOperationPayload.swift in Sources */ = {isa = PBXBuildFile; fileRef = F86826DD21CD146B003C7D4D /* SignedOperationPayload.swift */; };
		F868270E21CD146B003C7D4D /* DelegateStatus.swift in Sources */ = {isa = PBXBuildFile; fileRef = F86826DE21CD146B003C7D4D /* DelegateStatus.swift */; };
		F868270F21CD146B003C7D4D /* ManagerKey.swift in Sources */ = {isa = PBXBuildFile; fileRef = F86826DF21CD146B003C7D4D /* ManagerKey.swift */; };
		F868271021CD146B003C7D4D /* PeriodKind.swift in Sources */ = {isa = PBXBuildFile; fileRef = F86826E021CD146B003C7D4D /* PeriodKind.swift */; };
		F868271121CD146B003C7D4D /* TezToken.swift in Sources */ = {isa = PBXBuildFile; fileRef = F86826E121CD146B003C7D4D /* TezToken.swift */; };
		F868271221CD146B003C7D4D /* Wallet.swift in Sources */ = {isa = PBXBuildFile; fileRef = F86826E221CD146B003C7D4D /* Wallet.swift */; };
		F868271321CD146B003C7D4D /* ChainHead.swift in Sources */ = {isa = PBXBuildFile; fileRef = F86826E321CD146B003C7D4D /* ChainHead.swift */; };
		F868271421CD146B003C7D4D /* RPCDecodable.swift in Sources */ = {isa = PBXBuildFile; fileRef = F86826E421CD146B003C7D4D /* RPCDecodable.swift */; };
		F868271521CD146B003C7D4D /* JSONUtils.swift in Sources */ = {isa = PBXBuildFile; fileRef = F86826E621CD146B003C7D4D /* JSONUtils.swift */; };
		F868271621CD146B003C7D4D /* MnemonicUtil.swift in Sources */ = {isa = PBXBuildFile; fileRef = F86826E721CD146B003C7D4D /* MnemonicUtil.swift */; };
		F8692D1921E37FC100C32B3F /* Constants.swift in Sources */ = {isa = PBXBuildFile; fileRef = F8692D1821E37FC100C32B3F /* Constants.swift */; };
		F8A8C53621CD25F1005684A3 /* SipHash.framework in Frameworks */ = {isa = PBXBuildFile; fileRef = F8A8C53121CD25F1005684A3 /* SipHash.framework */; };
		F8A8C53721CD25F1005684A3 /* BigInt.framework in Frameworks */ = {isa = PBXBuildFile; fileRef = F8A8C53221CD25F1005684A3 /* BigInt.framework */; settings = {ATTRIBUTES = (Required, ); }; };
		F8A8C53821CD25F1005684A3 /* Sodium.framework in Frameworks */ = {isa = PBXBuildFile; fileRef = F8A8C53321CD25F1005684A3 /* Sodium.framework */; };
		F8A8C53921CD25F1005684A3 /* Result.framework in Frameworks */ = {isa = PBXBuildFile; fileRef = F8A8C53421CD25F1005684A3 /* Result.framework */; };
		F8A8C57621CD4F93005684A3 /* CryptoSwift.framework in Frameworks */ = {isa = PBXBuildFile; fileRef = F8A8C57421CD4F93005684A3 /* CryptoSwift.framework */; };
		F8A8C57721CD4F93005684A3 /* MnemonicKit.framework in Frameworks */ = {isa = PBXBuildFile; fileRef = F8A8C57521CD4F93005684A3 /* MnemonicKit.framework */; };
		F8E9207621C2B00B009148F7 /* TezosRPCTests.swift in Sources */ = {isa = PBXBuildFile; fileRef = F8E9207521C2B00B009148F7 /* TezosRPCTests.swift */; };
/* End PBXBuildFile section */

/* Begin PBXContainerItemProxy section */
		F84A54022387D8A3005D0367 /* PBXContainerItemProxy */ = {
			isa = PBXContainerItemProxy;
			containerPortal = 7AA8F34E2160158000C05895 /* Project object */;
			proxyType = 1;
			remoteGlobalIDString = F84A53F72387D8A3005D0367;
			remoteInfo = "TezosSwift-Combine";
		};
		F84A54042387D8A3005D0367 /* PBXContainerItemProxy */ = {
			isa = PBXContainerItemProxy;
			containerPortal = 7AA8F34E2160158000C05895 /* Project object */;
			proxyType = 1;
			remoteGlobalIDString = 7AA8F3552160158000C05895;
			remoteInfo = TezosSwift_Example;
		};
		F84A540B2387D8A3005D0367 /* PBXContainerItemProxy */ = {
			isa = PBXContainerItemProxy;
			containerPortal = 7AA8F34E2160158000C05895 /* Project object */;
			proxyType = 1;
			remoteGlobalIDString = F84A53F72387D8A3005D0367;
			remoteInfo = "TezosSwift-Combine";
		};
		F85F0CB821B139250074E391 /* PBXContainerItemProxy */ = {
			isa = PBXContainerItemProxy;
			containerPortal = 7AA8F34E2160158000C05895 /* Project object */;
			proxyType = 1;
			remoteGlobalIDString = 7AA8F3552160158000C05895;
			remoteInfo = TezosSwift_Example;
		};
		F85F0CCF21B151D20074E391 /* PBXContainerItemProxy */ = {
			isa = PBXContainerItemProxy;
			containerPortal = 7AA8F34E2160158000C05895 /* Project object */;
			proxyType = 1;
			remoteGlobalIDString = 7AA8F3552160158000C05895;
			remoteInfo = TezosSwift_Example;
		};
		F86826AC21CD1450003C7D4D /* PBXContainerItemProxy */ = {
			isa = PBXContainerItemProxy;
			containerPortal = 7AA8F34E2160158000C05895 /* Project object */;
			proxyType = 1;
			remoteGlobalIDString = F86826A621CD1450003C7D4D;
			remoteInfo = TezosSwift;
		};
/* End PBXContainerItemProxy section */

/* Begin PBXCopyFilesBuildPhase section */
		F86826B321CD1450003C7D4D /* Embed Frameworks */ = {
			isa = PBXCopyFilesBuildPhase;
			buildActionMask = 2147483647;
			dstPath = "";
			dstSubfolderSpec = 10;
			files = (
				F84A540E2387D8A3005D0367 /* TezosSwiftCombine.framework in Embed Frameworks */,
				F86826AF21CD1450003C7D4D /* TezosSwift.framework in Embed Frameworks */,
			);
			name = "Embed Frameworks";
			runOnlyForDeploymentPostprocessing = 0;
		};
/* End PBXCopyFilesBuildPhase section */

/* Begin PBXFileReference section */
		7AA8F3562160158000C05895 /* TezosSwift_Example.app */ = {isa = PBXFileReference; explicitFileType = wrapper.application; includeInIndex = 0; path = TezosSwift_Example.app; sourceTree = BUILT_PRODUCTS_DIR; };
		7ABC856D2182655E006DE8FD /* MnemonicUtilsTest.swift */ = {isa = PBXFileReference; lastKnownFileType = sourcecode.swift; path = MnemonicUtilsTest.swift; sourceTree = "<group>"; };
		7ABC857D21826C71006DE8FD /* WalletTests.swift */ = {isa = PBXFileReference; lastKnownFileType = sourcecode.swift; path = WalletTests.swift; sourceTree = "<group>"; };
		7ABC857F2182A072006DE8FD /* TezosBalanceTest.swift */ = {isa = PBXFileReference; lastKnownFileType = sourcecode.swift; path = TezosBalanceTest.swift; sourceTree = "<group>"; };
		7ABC85812182A595006DE8FD /* CryptoTests.swift */ = {isa = PBXFileReference; lastKnownFileType = sourcecode.swift; path = CryptoTests.swift; sourceTree = "<group>"; };
		7ABC85832182AE86006DE8FD /* AbstractOperationTest.swift */ = {isa = PBXFileReference; lastKnownFileType = sourcecode.swift; path = AbstractOperationTest.swift; sourceTree = "<group>"; };
		7ABC859B2183973F006DE8FD /* TezosRPCTest.swift */ = {isa = PBXFileReference; lastKnownFileType = sourcecode.swift; path = TezosRPCTest.swift; sourceTree = "<group>"; };
		8F43849E221C29F40003BD0B /* Cancelable.swift */ = {isa = PBXFileReference; fileEncoding = 4; lastKnownFileType = sourcecode.swift; path = Cancelable.swift; sourceTree = "<group>"; };
		8F43849F221C29F40003BD0B /* Atomic.swift */ = {isa = PBXFileReference; fileEncoding = 4; lastKnownFileType = sourcecode.swift; path = Atomic.swift; sourceTree = "<group>"; };
		8F4384A0221C29F40003BD0B /* Completable.swift */ = {isa = PBXFileReference; fileEncoding = 4; lastKnownFileType = sourcecode.swift; path = Completable.swift; sourceTree = "<group>"; };
		8F4384A4221C2CC60003BD0B /* CompletableTests.swift */ = {isa = PBXFileReference; lastKnownFileType = sourcecode.swift; path = CompletableTests.swift; sourceTree = "<group>"; };
		8F8DDF5A221C7B580008F688 /* Execution.swift */ = {isa = PBXFileReference; lastKnownFileType = sourcecode.swift; path = Execution.swift; sourceTree = "<group>"; };
		8FAB19B0221D736300DD3F9B /* ExecutionTests.swift */ = {isa = PBXFileReference; lastKnownFileType = sourcecode.swift; path = ExecutionTests.swift; sourceTree = "<group>"; };
		8FD264392214960400D779C8 /* BigInt.framework */ = {isa = PBXFileReference; explicitFileType = wrapper.framework; path = BigInt.framework; sourceTree = BUILT_PRODUCTS_DIR; };
		8FD2643C2214960400D779C8 /* CryptoSwift.framework */ = {isa = PBXFileReference; explicitFileType = wrapper.framework; path = CryptoSwift.framework; sourceTree = BUILT_PRODUCTS_DIR; };
		8FD2643F2214960400D779C8 /* MnemonicKit.framework */ = {isa = PBXFileReference; explicitFileType = wrapper.framework; path = MnemonicKit.framework; sourceTree = BUILT_PRODUCTS_DIR; };
		8FD264422214960400D779C8 /* Result.framework */ = {isa = PBXFileReference; explicitFileType = wrapper.framework; path = Result.framework; sourceTree = BUILT_PRODUCTS_DIR; };
		8FD264452214960400D779C8 /* SipHash.framework */ = {isa = PBXFileReference; explicitFileType = wrapper.framework; path = SipHash.framework; sourceTree = BUILT_PRODUCTS_DIR; };
		8FD264482214960400D779C8 /* Sodium.framework */ = {isa = PBXFileReference; explicitFileType = wrapper.framework; path = Sodium.framework; sourceTree = BUILT_PRODUCTS_DIR; };
		F809FA1E21C2518C008D4A0E /* GasTests.swift */ = {isa = PBXFileReference; lastKnownFileType = sourcecode.swift; path = GasTests.swift; sourceTree = "<group>"; };
		F84A53F82387D8A3005D0367 /* TezosSwiftCombine.framework */ = {isa = PBXFileReference; explicitFileType = wrapper.framework; includeInIndex = 0; path = TezosSwiftCombine.framework; sourceTree = BUILT_PRODUCTS_DIR; };
		F84A53FB2387D8A3005D0367 /* Info.plist */ = {isa = PBXFileReference; lastKnownFileType = text.plist.xml; path = Info.plist; sourceTree = "<group>"; };
		F84A54002387D8A3005D0367 /* TezosSwift-CombineTests.xctest */ = {isa = PBXFileReference; explicitFileType = wrapper.cfbundle; includeInIndex = 0; path = "TezosSwift-CombineTests.xctest"; sourceTree = BUILT_PRODUCTS_DIR; };
		F84A54072387D8A3005D0367 /* TezosSwift_CombineTests.swift */ = {isa = PBXFileReference; lastKnownFileType = sourcecode.swift; path = TezosSwift_CombineTests.swift; sourceTree = "<group>"; };
		F84A54092387D8A3005D0367 /* Info.plist */ = {isa = PBXFileReference; lastKnownFileType = text.plist.xml; path = Info.plist; sourceTree = "<group>"; };
		F84A54152387D8C8005D0367 /* ContractPublisher.swift */ = {isa = PBXFileReference; lastKnownFileType = sourcecode.swift; path = ContractPublisher.swift; sourceTree = "<group>"; };
		F84A54172387D8EF005D0367 /* ContractSubscription.swift */ = {isa = PBXFileReference; lastKnownFileType = sourcecode.swift; path = ContractSubscription.swift; sourceTree = "<group>"; };
		F84A541A2387D920005D0367 /* TezosClient+Combine.swift */ = {isa = PBXFileReference; lastKnownFileType = sourcecode.swift; path = "TezosClient+Combine.swift"; sourceTree = "<group>"; };
		F84C55962199ADCC00068596 /* ContractStorageTests.swift */ = {isa = PBXFileReference; lastKnownFileType = sourcecode.swift; path = ContractStorageTests.swift; sourceTree = "<group>"; };
		F84C55982199AE3000068596 /* ContractCallTests.swift */ = {isa = PBXFileReference; lastKnownFileType = sourcecode.swift; path = ContractCallTests.swift; sourceTree = "<group>"; };
		F85F0CB321B139250074E391 /* UnitTests.xctest */ = {isa = PBXFileReference; explicitFileType = wrapper.cfbundle; includeInIndex = 0; path = UnitTests.xctest; sourceTree = BUILT_PRODUCTS_DIR; };
		F85F0CB721B139250074E391 /* Info.plist */ = {isa = PBXFileReference; lastKnownFileType = text.plist.xml; path = Info.plist; sourceTree = "<group>"; };
		F85F0CCA21B151D20074E391 /* IntegrationTests.xctest */ = {isa = PBXFileReference; explicitFileType = wrapper.cfbundle; includeInIndex = 0; path = IntegrationTests.xctest; sourceTree = BUILT_PRODUCTS_DIR; };
		F85F0CCE21B151D20074E391 /* Info.plist */ = {isa = PBXFileReference; lastKnownFileType = text.plist.xml; path = Info.plist; sourceTree = "<group>"; };
		F85F88C321A6D8DD00786AEC /* ContractStorageTests.swift */ = {isa = PBXFileReference; lastKnownFileType = sourcecode.swift; path = ContractStorageTests.swift; sourceTree = "<group>"; };
		F864CC0F21AC11990014B357 /* CallEncodingTests.swift */ = {isa = PBXFileReference; lastKnownFileType = sourcecode.swift; path = CallEncodingTests.swift; sourceTree = "<group>"; };
		F868264321CD1295003C7D4D /* Assets.xcassets */ = {isa = PBXFileReference; lastKnownFileType = folder.assetcatalog; path = Assets.xcassets; sourceTree = "<group>"; };
		F868264521CD1295003C7D4D /* Base */ = {isa = PBXFileReference; lastKnownFileType = file.storyboard; name = Base; path = Base.lproj/LaunchScreen.storyboard; sourceTree = "<group>"; };
		F868264621CD1295003C7D4D /* AppDelegate.swift */ = {isa = PBXFileReference; fileEncoding = 4; lastKnownFileType = sourcecode.swift; path = AppDelegate.swift; sourceTree = "<group>"; };
		F868264721CD1295003C7D4D /* Info.plist */ = {isa = PBXFileReference; fileEncoding = 4; lastKnownFileType = text.plist.xml; path = Info.plist; sourceTree = "<group>"; };
		F868264821CD1295003C7D4D /* TezosViewController.swift */ = {isa = PBXFileReference; fileEncoding = 4; lastKnownFileType = sourcecode.swift; path = TezosViewController.swift; sourceTree = "<group>"; };
		F868264A21CD1295003C7D4D /* unit_pair_abi.json */ = {isa = PBXFileReference; fileEncoding = 4; lastKnownFileType = text.json; path = unit_pair_abi.json; sourceTree = "<group>"; };
		F868264B21CD1295003C7D4D /* optional_pair_bool_abi.json */ = {isa = PBXFileReference; fileEncoding = 4; lastKnownFileType = text.json; path = optional_pair_bool_abi.json; sourceTree = "<group>"; };
		F868264C21CD1295003C7D4D /* packunpack_abi.json */ = {isa = PBXFileReference; fileEncoding = 4; lastKnownFileType = text.json; path = packunpack_abi.json; sourceTree = "<group>"; };
		F868264D21CD1295003C7D4D /* nat_set_abi.json */ = {isa = PBXFileReference; fileEncoding = 4; lastKnownFileType = text.json; path = nat_set_abi.json; sourceTree = "<group>"; };
		F868264E21CD1295003C7D4D /* int_list_abi.json */ = {isa = PBXFileReference; fileEncoding = 4; lastKnownFileType = text.json; path = int_list_abi.json; sourceTree = "<group>"; };
		F868264F21CD1295003C7D4D /* timestamp_abi.json */ = {isa = PBXFileReference; fileEncoding = 4; lastKnownFileType = text.json; path = timestamp_abi.json; sourceTree = "<group>"; };
		F868265021CD1295003C7D4D /* or_swap_abi.json */ = {isa = PBXFileReference; fileEncoding = 4; lastKnownFileType = text.json; path = or_swap_abi.json; sourceTree = "<group>"; };
		F868265121CD1295003C7D4D /* string_set_abi.json */ = {isa = PBXFileReference; fileEncoding = 4; lastKnownFileType = text.json; path = string_set_abi.json; sourceTree = "<group>"; };
		F868265221CD1295003C7D4D /* int_abi.json */ = {isa = PBXFileReference; fileEncoding = 4; lastKnownFileType = text.json; path = int_abi.json; sourceTree = "<group>"; };
		F868265321CD1295003C7D4D /* key_abi.json */ = {isa = PBXFileReference; fileEncoding = 4; lastKnownFileType = text.json; path = key_abi.json; sourceTree = "<group>"; };
		F868265421CD1295003C7D4D /* bytes_abi.json */ = {isa = PBXFileReference; fileEncoding = 4; lastKnownFileType = text.json; path = bytes_abi.json; sourceTree = "<group>"; };
		F868265521CD1295003C7D4D /* mutez_abi.json */ = {isa = PBXFileReference; fileEncoding = 4; lastKnownFileType = text.json; path = mutez_abi.json; sourceTree = "<group>"; };
		F868265621CD1295003C7D4D /* string_optional_abi.json */ = {isa = PBXFileReference; fileEncoding = 4; lastKnownFileType = text.json; path = string_optional_abi.json; sourceTree = "<group>"; };
		F868265721CD1295003C7D4D /* set_member_abi.json */ = {isa = PBXFileReference; fileEncoding = 4; lastKnownFileType = text.json; path = set_member_abi.json; sourceTree = "<group>"; };
		F868265821CD1295003C7D4D /* map_abi.json */ = {isa = PBXFileReference; fileEncoding = 4; lastKnownFileType = text.json; path = map_abi.json; sourceTree = "<group>"; };
		F868265921CD1295003C7D4D /* optional_string_abi.json */ = {isa = PBXFileReference; fileEncoding = 4; lastKnownFileType = text.json; path = optional_string_abi.json; sourceTree = "<group>"; };
		F868265A21CD1295003C7D4D /* nat_abi.json */ = {isa = PBXFileReference; fileEncoding = 4; lastKnownFileType = text.json; path = nat_abi.json; sourceTree = "<group>"; };
		F868265B21CD1295003C7D4D /* parameter_pair_abi.json */ = {isa = PBXFileReference; fileEncoding = 4; lastKnownFileType = text.json; path = parameter_pair_abi.json; sourceTree = "<group>"; };
		F868265C21CD1295003C7D4D /* key_hash_abi.json */ = {isa = PBXFileReference; fileEncoding = 4; lastKnownFileType = text.json; path = key_hash_abi.json; sourceTree = "<group>"; };
		F868265D21CD1295003C7D4D /* pair_abi.json */ = {isa = PBXFileReference; fileEncoding = 4; lastKnownFileType = text.json; path = pair_abi.json; sourceTree = "<group>"; };
		F868265E21CD1295003C7D4D /* address_abi.json */ = {isa = PBXFileReference; fileEncoding = 4; lastKnownFileType = text.json; path = address_abi.json; sourceTree = "<group>"; };
		F868266021CD1295003C7D4D /* MutezContract.swift */ = {isa = PBXFileReference; fileEncoding = 4; lastKnownFileType = sourcecode.swift; path = MutezContract.swift; sourceTree = "<group>"; };
		F868266121CD1295003C7D4D /* IntListContract.swift */ = {isa = PBXFileReference; fileEncoding = 4; lastKnownFileType = sourcecode.swift; path = IntListContract.swift; sourceTree = "<group>"; };
		F868266221CD1295003C7D4D /* TestContract.swift */ = {isa = PBXFileReference; fileEncoding = 4; lastKnownFileType = sourcecode.swift; path = TestContract.swift; sourceTree = "<group>"; };
		F868266321CD1295003C7D4D /* MapContract.swift */ = {isa = PBXFileReference; fileEncoding = 4; lastKnownFileType = sourcecode.swift; path = MapContract.swift; sourceTree = "<group>"; };
		F868266421CD1295003C7D4D /* BytesContract.swift */ = {isa = PBXFileReference; fileEncoding = 4; lastKnownFileType = sourcecode.swift; path = BytesContract.swift; sourceTree = "<group>"; };
		F868266521CD1295003C7D4D /* OrSwapContract.swift */ = {isa = PBXFileReference; fileEncoding = 4; lastKnownFileType = sourcecode.swift; path = OrSwapContract.swift; sourceTree = "<group>"; };
		F868266621CD1295003C7D4D /* NatSetContract.swift */ = {isa = PBXFileReference; fileEncoding = 4; lastKnownFileType = sourcecode.swift; path = NatSetContract.swift; sourceTree = "<group>"; };
		F868266721CD1295003C7D4D /* TimestampContract.swift */ = {isa = PBXFileReference; fileEncoding = 4; lastKnownFileType = sourcecode.swift; path = TimestampContract.swift; sourceTree = "<group>"; };
		F868266821CD1295003C7D4D /* SetMemberContract.swift */ = {isa = PBXFileReference; fileEncoding = 4; lastKnownFileType = sourcecode.swift; path = SetMemberContract.swift; sourceTree = "<group>"; };
		F868266921CD1295003C7D4D /* StringSetContract.swift */ = {isa = PBXFileReference; fileEncoding = 4; lastKnownFileType = sourcecode.swift; path = StringSetContract.swift; sourceTree = "<group>"; };
		F868266A21CD1295003C7D4D /* KeyContract.swift */ = {isa = PBXFileReference; fileEncoding = 4; lastKnownFileType = sourcecode.swift; path = KeyContract.swift; sourceTree = "<group>"; };
		F868266B21CD1295003C7D4D /* OptionalPairBoolContract.swift */ = {isa = PBXFileReference; fileEncoding = 4; lastKnownFileType = sourcecode.swift; path = OptionalPairBoolContract.swift; sourceTree = "<group>"; };
		F868266C21CD1295003C7D4D /* NatContract.swift */ = {isa = PBXFileReference; fileEncoding = 4; lastKnownFileType = sourcecode.swift; path = NatContract.swift; sourceTree = "<group>"; };
		F868266D21CD1295003C7D4D /* PackUnpackContract.swift */ = {isa = PBXFileReference; fileEncoding = 4; lastKnownFileType = sourcecode.swift; path = PackUnpackContract.swift; sourceTree = "<group>"; };
		F868266E21CD1295003C7D4D /* AddressContract.swift */ = {isa = PBXFileReference; fileEncoding = 4; lastKnownFileType = sourcecode.swift; path = AddressContract.swift; sourceTree = "<group>"; };
		F868266F21CD1295003C7D4D /* IntContract.swift */ = {isa = PBXFileReference; fileEncoding = 4; lastKnownFileType = sourcecode.swift; path = IntContract.swift; sourceTree = "<group>"; };
		F868267021CD1295003C7D4D /* KeyHashContract.swift */ = {isa = PBXFileReference; fileEncoding = 4; lastKnownFileType = sourcecode.swift; path = KeyHashContract.swift; sourceTree = "<group>"; };
		F868267121CD1295003C7D4D /* OptionalStringContract.swift */ = {isa = PBXFileReference; fileEncoding = 4; lastKnownFileType = sourcecode.swift; path = OptionalStringContract.swift; sourceTree = "<group>"; };
		F868267221CD1295003C7D4D /* SharedContract.swift */ = {isa = PBXFileReference; fileEncoding = 4; lastKnownFileType = sourcecode.swift; path = SharedContract.swift; sourceTree = "<group>"; };
		F868267321CD1295003C7D4D /* ParameterPairContract.swift */ = {isa = PBXFileReference; fileEncoding = 4; lastKnownFileType = sourcecode.swift; path = ParameterPairContract.swift; sourceTree = "<group>"; };
		F86826A721CD1450003C7D4D /* TezosSwift.framework */ = {isa = PBXFileReference; explicitFileType = wrapper.framework; includeInIndex = 0; path = TezosSwift.framework; sourceTree = BUILT_PRODUCTS_DIR; };
		F86826AA21CD1450003C7D4D /* Info.plist */ = {isa = PBXFileReference; lastKnownFileType = text.plist.xml; path = Info.plist; sourceTree = "<group>"; };
		F86826B521CD146B003C7D4D /* RPCResponseHandler.swift */ = {isa = PBXFileReference; fileEncoding = 4; lastKnownFileType = sourcecode.swift; path = RPCResponseHandler.swift; sourceTree = "<group>"; };
		F86826B621CD146B003C7D4D /* TezosClient.swift */ = {isa = PBXFileReference; fileEncoding = 4; lastKnownFileType = sourcecode.swift; path = TezosClient.swift; sourceTree = "<group>"; };
		F86826B721CD146B003C7D4D /* NetworkSession.swift */ = {isa = PBXFileReference; fileEncoding = 4; lastKnownFileType = sourcecode.swift; path = NetworkSession.swift; sourceTree = "<group>"; };
		F86826B821CD146B003C7D4D /* TezosError.swift */ = {isa = PBXFileReference; fileEncoding = 4; lastKnownFileType = sourcecode.swift; path = TezosError.swift; sourceTree = "<group>"; };
		F86826BA21CD146B003C7D4D /* KeyPair.swift */ = {isa = PBXFileReference; fileEncoding = 4; lastKnownFileType = sourcecode.swift; path = KeyPair.swift; sourceTree = "<group>"; };
		F86826BB21CD146B003C7D4D /* Crypto.swift */ = {isa = PBXFileReference; fileEncoding = 4; lastKnownFileType = sourcecode.swift; path = Crypto.swift; sourceTree = "<group>"; };
		F86826BC21CD146B003C7D4D /* OperationSigningResult.swift */ = {isa = PBXFileReference; fileEncoding = 4; lastKnownFileType = sourcecode.swift; path = OperationSigningResult.swift; sourceTree = "<group>"; };
		F86826BD21CD146B003C7D4D /* Base58String.swift */ = {isa = PBXFileReference; fileEncoding = 4; lastKnownFileType = sourcecode.swift; path = Base58String.swift; sourceTree = "<group>"; };
		F86826BF21CD146B003C7D4D /* DelegationOperation.swift */ = {isa = PBXFileReference; fileEncoding = 4; lastKnownFileType = sourcecode.swift; path = DelegationOperation.swift; sourceTree = "<group>"; };
		F86826C021CD146B003C7D4D /* RevealOperation.swift */ = {isa = PBXFileReference; fileEncoding = 4; lastKnownFileType = sourcecode.swift; path = RevealOperation.swift; sourceTree = "<group>"; };
		F86826C121CD146B003C7D4D /* RegisterAccountOperation.swift */ = {isa = PBXFileReference; fileEncoding = 4; lastKnownFileType = sourcecode.swift; path = RegisterAccountOperation.swift; sourceTree = "<group>"; };
		F86826C221CD146B003C7D4D /* OperationContents.swift */ = {isa = PBXFileReference; fileEncoding = 4; lastKnownFileType = sourcecode.swift; path = OperationContents.swift; sourceTree = "<group>"; };
		F86826C321CD146B003C7D4D /* RegisterDelegateOperation.swift */ = {isa = PBXFileReference; fileEncoding = 4; lastKnownFileType = sourcecode.swift; path = RegisterDelegateOperation.swift; sourceTree = "<group>"; };
		F86826C421CD146B003C7D4D /* OperationResult.swift */ = {isa = PBXFileReference; fileEncoding = 4; lastKnownFileType = sourcecode.swift; path = OperationResult.swift; sourceTree = "<group>"; };
		F86826C521CD146B003C7D4D /* UndelegateOperation.swift */ = {isa = PBXFileReference; fileEncoding = 4; lastKnownFileType = sourcecode.swift; path = UndelegateOperation.swift; sourceTree = "<group>"; };
		F86826C621CD146B003C7D4D /* ContractOperation.swift */ = {isa = PBXFileReference; fileEncoding = 4; lastKnownFileType = sourcecode.swift; path = ContractOperation.swift; sourceTree = "<group>"; };
		F86826C721CD146B003C7D4D /* TransactionOperation.swift */ = {isa = PBXFileReference; fileEncoding = 4; lastKnownFileType = sourcecode.swift; path = TransactionOperation.swift; sourceTree = "<group>"; };
		F86826C821CD146B003C7D4D /* OperationKind.swift */ = {isa = PBXFileReference; fileEncoding = 4; lastKnownFileType = sourcecode.swift; path = OperationKind.swift; sourceTree = "<group>"; };
		F86826C921CD146B003C7D4D /* OperationStatus.swift */ = {isa = PBXFileReference; fileEncoding = 4; lastKnownFileType = sourcecode.swift; path = OperationStatus.swift; sourceTree = "<group>"; };
		F86826CA21CD146B003C7D4D /* Operation.swift */ = {isa = PBXFileReference; fileEncoding = 4; lastKnownFileType = sourcecode.swift; path = Operation.swift; sourceTree = "<group>"; };
		F86826CC21CD146B003C7D4D /* Metadata.swift */ = {isa = PBXFileReference; fileEncoding = 4; lastKnownFileType = sourcecode.swift; path = Metadata.swift; sourceTree = "<group>"; };
		F86826CD21CD146B003C7D4D /* OperationPayload.swift */ = {isa = PBXFileReference; fileEncoding = 4; lastKnownFileType = sourcecode.swift; path = OperationPayload.swift; sourceTree = "<group>"; };
		F86826CE21CD146B003C7D4D /* BallotsSum.swift */ = {isa = PBXFileReference; fileEncoding = 4; lastKnownFileType = sourcecode.swift; path = BallotsSum.swift; sourceTree = "<group>"; };
		F86826CF21CD146B003C7D4D /* TezosMap.swift */ = {isa = PBXFileReference; fileEncoding = 4; lastKnownFileType = sourcecode.swift; path = TezosMap.swift; sourceTree = "<group>"; };
		F86826D021CD146B003C7D4D /* TezosOr.swift */ = {isa = PBXFileReference; fileEncoding = 4; lastKnownFileType = sourcecode.swift; path = TezosOr.swift; sourceTree = "<group>"; };
		F86826D121CD146B003C7D4D /* Keys.swift */ = {isa = PBXFileReference; fileEncoding = 4; lastKnownFileType = sourcecode.swift; path = Keys.swift; sourceTree = "<group>"; };
		F86826D221CD146B003C7D4D /* OperationMetadata.swift */ = {isa = PBXFileReference; fileEncoding = 4; lastKnownFileType = sourcecode.swift; path = OperationMetadata.swift; sourceTree = "<group>"; };
		F86826D321CD146B003C7D4D /* RPCEncodable.swift */ = {isa = PBXFileReference; fileEncoding = 4; lastKnownFileType = sourcecode.swift; path = RPCEncodable.swift; sourceTree = "<group>"; };
		F86826D421CD146B003C7D4D /* OperationFees.swift */ = {isa = PBXFileReference; fileEncoding = 4; lastKnownFileType = sourcecode.swift; path = OperationFees.swift; sourceTree = "<group>"; };
		F86826D521CD146B003C7D4D /* StatusDelegate.swift */ = {isa = PBXFileReference; fileEncoding = 4; lastKnownFileType = sourcecode.swift; path = StatusDelegate.swift; sourceTree = "<group>"; };
		F86826D621CD146B003C7D4D /* RPCCodable.swift */ = {isa = PBXFileReference; fileEncoding = 4; lastKnownFileType = sourcecode.swift; path = RPCCodable.swift; sourceTree = "<group>"; };
		F86826D721CD146B003C7D4D /* ContractStatus.swift */ = {isa = PBXFileReference; fileEncoding = 4; lastKnownFileType = sourcecode.swift; path = ContractStatus.swift; sourceTree = "<group>"; };
		F86826D921CD146B003C7D4D /* SignedRunOperationPayload.swift */ = {isa = PBXFileReference; fileEncoding = 4; lastKnownFileType = sourcecode.swift; path = SignedRunOperationPayload.swift; sourceTree = "<group>"; };
		F86826DA21CD146B003C7D4D /* Tez.swift */ = {isa = PBXFileReference; fileEncoding = 4; lastKnownFileType = sourcecode.swift; path = Tez.swift; sourceTree = "<group>"; };
		F86826DB21CD146B003C7D4D /* Mutez.swift */ = {isa = PBXFileReference; fileEncoding = 4; lastKnownFileType = sourcecode.swift; path = Mutez.swift; sourceTree = "<group>"; };
		F86826DC21CD146B003C7D4D /* TezosPair.swift */ = {isa = PBXFileReference; fileEncoding = 4; lastKnownFileType = sourcecode.swift; path = TezosPair.swift; sourceTree = "<group>"; };
		F86826DD21CD146B003C7D4D /* SignedOperationPayload.swift */ = {isa = PBXFileReference; fileEncoding = 4; lastKnownFileType = sourcecode.swift; path = SignedOperationPayload.swift; sourceTree = "<group>"; };
		F86826DE21CD146B003C7D4D /* DelegateStatus.swift */ = {isa = PBXFileReference; fileEncoding = 4; lastKnownFileType = sourcecode.swift; path = DelegateStatus.swift; sourceTree = "<group>"; };
		F86826DF21CD146B003C7D4D /* ManagerKey.swift */ = {isa = PBXFileReference; fileEncoding = 4; lastKnownFileType = sourcecode.swift; path = ManagerKey.swift; sourceTree = "<group>"; };
		F86826E021CD146B003C7D4D /* PeriodKind.swift */ = {isa = PBXFileReference; fileEncoding = 4; lastKnownFileType = sourcecode.swift; path = PeriodKind.swift; sourceTree = "<group>"; };
		F86826E121CD146B003C7D4D /* TezToken.swift */ = {isa = PBXFileReference; fileEncoding = 4; lastKnownFileType = sourcecode.swift; path = TezToken.swift; sourceTree = "<group>"; };
		F86826E221CD146B003C7D4D /* Wallet.swift */ = {isa = PBXFileReference; fileEncoding = 4; lastKnownFileType = sourcecode.swift; path = Wallet.swift; sourceTree = "<group>"; };
		F86826E321CD146B003C7D4D /* ChainHead.swift */ = {isa = PBXFileReference; fileEncoding = 4; lastKnownFileType = sourcecode.swift; path = ChainHead.swift; sourceTree = "<group>"; };
		F86826E421CD146B003C7D4D /* RPCDecodable.swift */ = {isa = PBXFileReference; fileEncoding = 4; lastKnownFileType = sourcecode.swift; path = RPCDecodable.swift; sourceTree = "<group>"; };
		F86826E621CD146B003C7D4D /* JSONUtils.swift */ = {isa = PBXFileReference; fileEncoding = 4; lastKnownFileType = sourcecode.swift; path = JSONUtils.swift; sourceTree = "<group>"; };
		F86826E721CD146B003C7D4D /* MnemonicUtil.swift */ = {isa = PBXFileReference; fileEncoding = 4; lastKnownFileType = sourcecode.swift; path = MnemonicUtil.swift; sourceTree = "<group>"; };
		F8692D1821E37FC100C32B3F /* Constants.swift */ = {isa = PBXFileReference; lastKnownFileType = sourcecode.swift; path = Constants.swift; sourceTree = "<group>"; };
		F8A8C53121CD25F1005684A3 /* SipHash.framework */ = {isa = PBXFileReference; lastKnownFileType = wrapper.framework; name = SipHash.framework; path = Carthage/Build/iOS/SipHash.framework; sourceTree = "<group>"; };
		F8A8C53221CD25F1005684A3 /* BigInt.framework */ = {isa = PBXFileReference; lastKnownFileType = wrapper.framework; name = BigInt.framework; path = Carthage/Build/iOS/BigInt.framework; sourceTree = "<group>"; };
		F8A8C53321CD25F1005684A3 /* Sodium.framework */ = {isa = PBXFileReference; lastKnownFileType = wrapper.framework; name = Sodium.framework; path = Carthage/Build/iOS/Sodium.framework; sourceTree = "<group>"; };
		F8A8C53421CD25F1005684A3 /* Result.framework */ = {isa = PBXFileReference; lastKnownFileType = wrapper.framework; name = Result.framework; path = Carthage/Build/iOS/Result.framework; sourceTree = "<group>"; };
		F8A8C57421CD4F93005684A3 /* CryptoSwift.framework */ = {isa = PBXFileReference; lastKnownFileType = wrapper.framework; name = CryptoSwift.framework; path = Carthage/Build/iOS/CryptoSwift.framework; sourceTree = "<group>"; };
		F8A8C57521CD4F93005684A3 /* MnemonicKit.framework */ = {isa = PBXFileReference; lastKnownFileType = wrapper.framework; name = MnemonicKit.framework; path = Carthage/Build/iOS/MnemonicKit.framework; sourceTree = "<group>"; };
		F8E9207521C2B00B009148F7 /* TezosRPCTests.swift */ = {isa = PBXFileReference; lastKnownFileType = sourcecode.swift; path = TezosRPCTests.swift; sourceTree = "<group>"; };
/* End PBXFileReference section */

/* Begin PBXFrameworksBuildPhase section */
		7AA8F3532160158000C05895 /* Frameworks */ = {
			isa = PBXFrameworksBuildPhase;
			buildActionMask = 2147483647;
			files = (
				F84A540D2387D8A3005D0367 /* TezosSwiftCombine.framework in Frameworks */,
				F86826AE21CD1450003C7D4D /* TezosSwift.framework in Frameworks */,
			);
			runOnlyForDeploymentPostprocessing = 0;
		};
		F84A53F52387D8A3005D0367 /* Frameworks */ = {
			isa = PBXFrameworksBuildPhase;
			buildActionMask = 2147483647;
			files = (
			);
			runOnlyForDeploymentPostprocessing = 0;
		};
		F84A53FD2387D8A3005D0367 /* Frameworks */ = {
			isa = PBXFrameworksBuildPhase;
			buildActionMask = 2147483647;
			files = (
				F84A54012387D8A3005D0367 /* TezosSwiftCombine.framework in Frameworks */,
			);
			runOnlyForDeploymentPostprocessing = 0;
		};
		F85F0CB021B139250074E391 /* Frameworks */ = {
			isa = PBXFrameworksBuildPhase;
			buildActionMask = 2147483647;
			files = (
			);
			runOnlyForDeploymentPostprocessing = 0;
		};
		F85F0CC721B151D20074E391 /* Frameworks */ = {
			isa = PBXFrameworksBuildPhase;
			buildActionMask = 2147483647;
			files = (
			);
			runOnlyForDeploymentPostprocessing = 0;
		};
		F86826A421CD1450003C7D4D /* Frameworks */ = {
			isa = PBXFrameworksBuildPhase;
			buildActionMask = 2147483647;
			files = (
				F8A8C53621CD25F1005684A3 /* SipHash.framework in Frameworks */,
				F8A8C53721CD25F1005684A3 /* BigInt.framework in Frameworks */,
				F8A8C53821CD25F1005684A3 /* Sodium.framework in Frameworks */,
				F8A8C53921CD25F1005684A3 /* Result.framework in Frameworks */,
				F8A8C57621CD4F93005684A3 /* CryptoSwift.framework in Frameworks */,
				F8A8C57721CD4F93005684A3 /* MnemonicKit.framework in Frameworks */,
			);
			runOnlyForDeploymentPostprocessing = 0;
		};
/* End PBXFrameworksBuildPhase section */

/* Begin PBXGroup section */
		7AA8F34D2160158000C05895 = {
			isa = PBXGroup;
			children = (
				8FD264482214960400D779C8 /* Sodium.framework */,
				8FD264452214960400D779C8 /* SipHash.framework */,
				8FD264422214960400D779C8 /* Result.framework */,
				8FD2643F2214960400D779C8 /* MnemonicKit.framework */,
				8FD2643C2214960400D779C8 /* CryptoSwift.framework */,
				8FD264392214960400D779C8 /* BigInt.framework */,
				F868264121CD1295003C7D4D /* Example */,
				F85F0CB421B139250074E391 /* UnitTests */,
				F85F0CCB21B151D20074E391 /* IntegrationTests */,
				F86826A821CD1450003C7D4D /* TezosSwift */,
				F84A53F92387D8A3005D0367 /* Combine */,
				F84A54062387D8A3005D0367 /* TezosSwift-CombineTests */,
				7AA8F3572160158000C05895 /* Products */,
				E1B299C2AF182A8A0B52D6BE /* Frameworks */,
			);
			sourceTree = "<group>";
		};
		7AA8F3572160158000C05895 /* Products */ = {
			isa = PBXGroup;
			children = (
				7AA8F3562160158000C05895 /* TezosSwift_Example.app */,
				F85F0CB321B139250074E391 /* UnitTests.xctest */,
				F85F0CCA21B151D20074E391 /* IntegrationTests.xctest */,
				F86826A721CD1450003C7D4D /* TezosSwift.framework */,
				F84A53F82387D8A3005D0367 /* TezosSwiftCombine.framework */,
				F84A54002387D8A3005D0367 /* TezosSwift-CombineTests.xctest */,
			);
			name = Products;
			sourceTree = "<group>";
		};
		E1B299C2AF182A8A0B52D6BE /* Frameworks */ = {
			isa = PBXGroup;
			children = (
				F8A8C57421CD4F93005684A3 /* CryptoSwift.framework */,
				F8A8C57521CD4F93005684A3 /* MnemonicKit.framework */,
				F8A8C53221CD25F1005684A3 /* BigInt.framework */,
				F8A8C53421CD25F1005684A3 /* Result.framework */,
				F8A8C53121CD25F1005684A3 /* SipHash.framework */,
				F8A8C53321CD25F1005684A3 /* Sodium.framework */,
			);
			name = Frameworks;
			sourceTree = "<group>";
		};
		F84A53F92387D8A3005D0367 /* Combine */ = {
			isa = PBXGroup;
			children = (
				F84A53FB2387D8A3005D0367 /* Info.plist */,
				F84A54152387D8C8005D0367 /* ContractPublisher.swift */,
				F84A54172387D8EF005D0367 /* ContractSubscription.swift */,
				F84A54192387D915005D0367 /* Extensions */,
			);
			path = Combine;
			sourceTree = "<group>";
		};
		F84A54062387D8A3005D0367 /* TezosSwift-CombineTests */ = {
			isa = PBXGroup;
			children = (
				F84A54072387D8A3005D0367 /* TezosSwift_CombineTests.swift */,
				F84A54092387D8A3005D0367 /* Info.plist */,
			);
			path = "TezosSwift-CombineTests";
			sourceTree = "<group>";
		};
		F84A54192387D915005D0367 /* Extensions */ = {
			isa = PBXGroup;
			children = (
				F84A541A2387D920005D0367 /* TezosClient+Combine.swift */,
			);
			path = Extensions;
			sourceTree = "<group>";
		};
		F85F0CB421B139250074E391 /* UnitTests */ = {
			isa = PBXGroup;
			children = (
				8F4384A4221C2CC60003BD0B /* CompletableTests.swift */,
				8FAB19B0221D736300DD3F9B /* ExecutionTests.swift */,
				7ABC85812182A595006DE8FD /* CryptoTests.swift */,
				7ABC857F2182A072006DE8FD /* TezosBalanceTest.swift */,
				F809FA1E21C2518C008D4A0E /* GasTests.swift */,
				7ABC857D21826C71006DE8FD /* WalletTests.swift */,
				7ABC856D2182655E006DE8FD /* MnemonicUtilsTest.swift */,
				7ABC85832182AE86006DE8FD /* AbstractOperationTest.swift */,
				F85F88C321A6D8DD00786AEC /* ContractStorageTests.swift */,
				F864CC0F21AC11990014B357 /* CallEncodingTests.swift */,
				F8E9207521C2B00B009148F7 /* TezosRPCTests.swift */,
				F85F0CB721B139250074E391 /* Info.plist */,
			);
			path = UnitTests;
			sourceTree = "<group>";
		};
		F85F0CCB21B151D20074E391 /* IntegrationTests */ = {
			isa = PBXGroup;
			children = (
				7ABC859B2183973F006DE8FD /* TezosRPCTest.swift */,
				F84C55962199ADCC00068596 /* ContractStorageTests.swift */,
				F84C55982199AE3000068596 /* ContractCallTests.swift */,
				F85F0CCE21B151D20074E391 /* Info.plist */,
			);
			path = IntegrationTests;
			sourceTree = "<group>";
		};
		F868264121CD1295003C7D4D /* Example */ = {
			isa = PBXGroup;
			children = (
				F868264221CD1295003C7D4D /* App */,
				F868264921CD1295003C7D4D /* Contracts */,
				F868265F21CD1295003C7D4D /* GeneratedContracts */,
				F8692D1821E37FC100C32B3F /* Constants.swift */,
			);
			path = Example;
			sourceTree = "<group>";
		};
		F868264221CD1295003C7D4D /* App */ = {
			isa = PBXGroup;
			children = (
				F868264321CD1295003C7D4D /* Assets.xcassets */,
				F868264421CD1295003C7D4D /* LaunchScreen.storyboard */,
				F868264621CD1295003C7D4D /* AppDelegate.swift */,
				F868264721CD1295003C7D4D /* Info.plist */,
				F868264821CD1295003C7D4D /* TezosViewController.swift */,
			);
			path = App;
			sourceTree = "<group>";
		};
		F868264921CD1295003C7D4D /* Contracts */ = {
			isa = PBXGroup;
			children = (
				F868264A21CD1295003C7D4D /* unit_pair_abi.json */,
				F868264B21CD1295003C7D4D /* optional_pair_bool_abi.json */,
				F868264C21CD1295003C7D4D /* packunpack_abi.json */,
				F868264D21CD1295003C7D4D /* nat_set_abi.json */,
				F868264E21CD1295003C7D4D /* int_list_abi.json */,
				F868264F21CD1295003C7D4D /* timestamp_abi.json */,
				F868265021CD1295003C7D4D /* or_swap_abi.json */,
				F868265121CD1295003C7D4D /* string_set_abi.json */,
				F868265221CD1295003C7D4D /* int_abi.json */,
				F868265321CD1295003C7D4D /* key_abi.json */,
				F868265421CD1295003C7D4D /* bytes_abi.json */,
				F868265521CD1295003C7D4D /* mutez_abi.json */,
				F868265621CD1295003C7D4D /* string_optional_abi.json */,
				F868265721CD1295003C7D4D /* set_member_abi.json */,
				F868265821CD1295003C7D4D /* map_abi.json */,
				F868265921CD1295003C7D4D /* optional_string_abi.json */,
				F868265A21CD1295003C7D4D /* nat_abi.json */,
				F868265B21CD1295003C7D4D /* parameter_pair_abi.json */,
				F868265C21CD1295003C7D4D /* key_hash_abi.json */,
				F868265D21CD1295003C7D4D /* pair_abi.json */,
				F868265E21CD1295003C7D4D /* address_abi.json */,
			);
			path = Contracts;
			sourceTree = "<group>";
		};
		F868265F21CD1295003C7D4D /* GeneratedContracts */ = {
			isa = PBXGroup;
			children = (
				F868266021CD1295003C7D4D /* MutezContract.swift */,
				F868266121CD1295003C7D4D /* IntListContract.swift */,
				F868266221CD1295003C7D4D /* TestContract.swift */,
				F868266321CD1295003C7D4D /* MapContract.swift */,
				F868266421CD1295003C7D4D /* BytesContract.swift */,
				F868266521CD1295003C7D4D /* OrSwapContract.swift */,
				F868266621CD1295003C7D4D /* NatSetContract.swift */,
				F868266721CD1295003C7D4D /* TimestampContract.swift */,
				F868266821CD1295003C7D4D /* SetMemberContract.swift */,
				F868266921CD1295003C7D4D /* StringSetContract.swift */,
				F868266A21CD1295003C7D4D /* KeyContract.swift */,
				F868266B21CD1295003C7D4D /* OptionalPairBoolContract.swift */,
				F868266C21CD1295003C7D4D /* NatContract.swift */,
				F868266D21CD1295003C7D4D /* PackUnpackContract.swift */,
				F868266E21CD1295003C7D4D /* AddressContract.swift */,
				F868266F21CD1295003C7D4D /* IntContract.swift */,
				F868267021CD1295003C7D4D /* KeyHashContract.swift */,
				F868267121CD1295003C7D4D /* OptionalStringContract.swift */,
				F868267221CD1295003C7D4D /* SharedContract.swift */,
				F868267321CD1295003C7D4D /* ParameterPairContract.swift */,
			);
			path = GeneratedContracts;
			sourceTree = "<group>";
		};
		F86826A821CD1450003C7D4D /* TezosSwift */ = {
			isa = PBXGroup;
			children = (
				F86826B421CD146B003C7D4D /* Client */,
				F86826B921CD146B003C7D4D /* Cryptography */,
				F86826CB21CD146B003C7D4D /* Models */,
				F86826BE21CD146B003C7D4D /* Operation */,
				F86826E521CD146B003C7D4D /* Utils */,
				F86826AA21CD1450003C7D4D /* Info.plist */,
			);
			path = TezosSwift;
			sourceTree = "<group>";
		};
		F86826B421CD146B003C7D4D /* Client */ = {
			isa = PBXGroup;
			children = (
				F86826B521CD146B003C7D4D /* RPCResponseHandler.swift */,
				F86826B621CD146B003C7D4D /* TezosClient.swift */,
				F86826B721CD146B003C7D4D /* NetworkSession.swift */,
				F86826B821CD146B003C7D4D /* TezosError.swift */,
			);
			path = Client;
			sourceTree = "<group>";
		};
		F86826B921CD146B003C7D4D /* Cryptography */ = {
			isa = PBXGroup;
			children = (
				F86826BA21CD146B003C7D4D /* KeyPair.swift */,
				F86826BB21CD146B003C7D4D /* Crypto.swift */,
				F86826BC21CD146B003C7D4D /* OperationSigningResult.swift */,
				F86826BD21CD146B003C7D4D /* Base58String.swift */,
			);
			path = Cryptography;
			sourceTree = "<group>";
		};
		F86826BE21CD146B003C7D4D /* Operation */ = {
			isa = PBXGroup;
			children = (
				F86826BF21CD146B003C7D4D /* DelegationOperation.swift */,
				F86826C021CD146B003C7D4D /* RevealOperation.swift */,
				F86826C121CD146B003C7D4D /* RegisterAccountOperation.swift */,
				F86826C221CD146B003C7D4D /* OperationContents.swift */,
				F86826C321CD146B003C7D4D /* RegisterDelegateOperation.swift */,
				F86826C421CD146B003C7D4D /* OperationResult.swift */,
				F86826C521CD146B003C7D4D /* UndelegateOperation.swift */,
				F86826C621CD146B003C7D4D /* ContractOperation.swift */,
				F86826C721CD146B003C7D4D /* TransactionOperation.swift */,
				F86826C821CD146B003C7D4D /* OperationKind.swift */,
				F86826C921CD146B003C7D4D /* OperationStatus.swift */,
				F86826CA21CD146B003C7D4D /* Operation.swift */,
			);
			path = Operation;
			sourceTree = "<group>";
		};
		F86826CB21CD146B003C7D4D /* Models */ = {
			isa = PBXGroup;
			children = (
				F86826CC21CD146B003C7D4D /* Metadata.swift */,
				F86826CD21CD146B003C7D4D /* OperationPayload.swift */,
				F86826CE21CD146B003C7D4D /* BallotsSum.swift */,
				F86826CF21CD146B003C7D4D /* TezosMap.swift */,
				F86826D021CD146B003C7D4D /* TezosOr.swift */,
				F86826D121CD146B003C7D4D /* Keys.swift */,
				F86826D221CD146B003C7D4D /* OperationMetadata.swift */,
				F86826D321CD146B003C7D4D /* RPCEncodable.swift */,
				F86826D421CD146B003C7D4D /* OperationFees.swift */,
				F86826D521CD146B003C7D4D /* StatusDelegate.swift */,
				F86826D621CD146B003C7D4D /* RPCCodable.swift */,
				F86826D721CD146B003C7D4D /* ContractStatus.swift */,
				F86826D921CD146B003C7D4D /* SignedRunOperationPayload.swift */,
				F86826DA21CD146B003C7D4D /* Tez.swift */,
				F86826DB21CD146B003C7D4D /* Mutez.swift */,
				F86826DC21CD146B003C7D4D /* TezosPair.swift */,
				F86826DD21CD146B003C7D4D /* SignedOperationPayload.swift */,
				F86826DE21CD146B003C7D4D /* DelegateStatus.swift */,
				F86826DF21CD146B003C7D4D /* ManagerKey.swift */,
				F86826E021CD146B003C7D4D /* PeriodKind.swift */,
				F86826E121CD146B003C7D4D /* TezToken.swift */,
				F86826E221CD146B003C7D4D /* Wallet.swift */,
				F86826E321CD146B003C7D4D /* ChainHead.swift */,
				F86826E421CD146B003C7D4D /* RPCDecodable.swift */,
			);
			path = Models;
			sourceTree = "<group>";
		};
		F86826E521CD146B003C7D4D /* Utils */ = {
			isa = PBXGroup;
			children = (
				F86826E621CD146B003C7D4D /* JSONUtils.swift */,
				8F43849F221C29F40003BD0B /* Atomic.swift */,
				8F43849E221C29F40003BD0B /* Cancelable.swift */,
				8F4384A0221C29F40003BD0B /* Completable.swift */,
				8F8DDF5A221C7B580008F688 /* Execution.swift */,
				F86826E721CD146B003C7D4D /* MnemonicUtil.swift */,
			);
			path = Utils;
			sourceTree = "<group>";
		};
/* End PBXGroup section */

/* Begin PBXHeadersBuildPhase section */
		F84A53F32387D8A3005D0367 /* Headers */ = {
			isa = PBXHeadersBuildPhase;
			buildActionMask = 2147483647;
			files = (
			);
			runOnlyForDeploymentPostprocessing = 0;
		};
		F86826A221CD1450003C7D4D /* Headers */ = {
			isa = PBXHeadersBuildPhase;
			buildActionMask = 2147483647;
			files = (
			);
			runOnlyForDeploymentPostprocessing = 0;
		};
/* End PBXHeadersBuildPhase section */

/* Begin PBXNativeTarget section */
		7AA8F3552160158000C05895 /* TezosSwift_Example */ = {
			isa = PBXNativeTarget;
			buildConfigurationList = 7AA8F3682160158100C05895 /* Build configuration list for PBXNativeTarget "TezosSwift_Example" */;
			buildPhases = (
				7AA8F3522160158000C05895 /* Sources */,
				7AA8F3532160158000C05895 /* Frameworks */,
				7AA8F3542160158000C05895 /* Resources */,
				F86826B321CD1450003C7D4D /* Embed Frameworks */,
			);
			buildRules = (
			);
			dependencies = (
				F86826AD21CD1450003C7D4D /* PBXTargetDependency */,
				F84A540C2387D8A3005D0367 /* PBXTargetDependency */,
			);
			name = TezosSwift_Example;
			productName = TezosKit;
			productReference = 7AA8F3562160158000C05895 /* TezosSwift_Example.app */;
			productType = "com.apple.product-type.application";
		};
		F84A53F72387D8A3005D0367 /* Combine */ = {
			isa = PBXNativeTarget;
			buildConfigurationList = F84A54132387D8A3005D0367 /* Build configuration list for PBXNativeTarget "Combine" */;
			buildPhases = (
				F84A53F32387D8A3005D0367 /* Headers */,
				F84A53F42387D8A3005D0367 /* Sources */,
				F84A53F52387D8A3005D0367 /* Frameworks */,
				F84A53F62387D8A3005D0367 /* Resources */,
			);
			buildRules = (
			);
			dependencies = (
			);
			name = Combine;
			productName = "TezosSwift-Combine";
			productReference = F84A53F82387D8A3005D0367 /* TezosSwiftCombine.framework */;
			productType = "com.apple.product-type.framework";
		};
		F84A53FF2387D8A3005D0367 /* TezosSwift-CombineTests */ = {
			isa = PBXNativeTarget;
			buildConfigurationList = F84A54142387D8A3005D0367 /* Build configuration list for PBXNativeTarget "TezosSwift-CombineTests" */;
			buildPhases = (
				F84A53FC2387D8A3005D0367 /* Sources */,
				F84A53FD2387D8A3005D0367 /* Frameworks */,
				F84A53FE2387D8A3005D0367 /* Resources */,
			);
			buildRules = (
			);
			dependencies = (
				F84A54032387D8A3005D0367 /* PBXTargetDependency */,
				F84A54052387D8A3005D0367 /* PBXTargetDependency */,
			);
			name = "TezosSwift-CombineTests";
			productName = "TezosSwift-CombineTests";
			productReference = F84A54002387D8A3005D0367 /* TezosSwift-CombineTests.xctest */;
			productType = "com.apple.product-type.bundle.unit-test";
		};
		F85F0CB221B139250074E391 /* UnitTests */ = {
			isa = PBXNativeTarget;
			buildConfigurationList = F85F0CBA21B139250074E391 /* Build configuration list for PBXNativeTarget "UnitTests" */;
			buildPhases = (
				F85F0CAF21B139250074E391 /* Sources */,
				F85F0CB021B139250074E391 /* Frameworks */,
				F85F0CB121B139250074E391 /* Resources */,
			);
			buildRules = (
			);
			dependencies = (
				F85F0CB921B139250074E391 /* PBXTargetDependency */,
			);
			name = UnitTests;
			productName = UnitTests;
			productReference = F85F0CB321B139250074E391 /* UnitTests.xctest */;
			productType = "com.apple.product-type.bundle.unit-test";
		};
		F85F0CC921B151D20074E391 /* IntegrationTests */ = {
			isa = PBXNativeTarget;
			buildConfigurationList = F85F0CD121B151D30074E391 /* Build configuration list for PBXNativeTarget "IntegrationTests" */;
			buildPhases = (
				F85F0CC621B151D20074E391 /* Sources */,
				F85F0CC721B151D20074E391 /* Frameworks */,
				F85F0CC821B151D20074E391 /* Resources */,
			);
			buildRules = (
			);
			dependencies = (
				F85F0CD021B151D20074E391 /* PBXTargetDependency */,
			);
			name = IntegrationTests;
			productName = IntegrationTests;
			productReference = F85F0CCA21B151D20074E391 /* IntegrationTests.xctest */;
			productType = "com.apple.product-type.bundle.unit-test";
		};
		F86826A621CD1450003C7D4D /* TezosSwift */ = {
			isa = PBXNativeTarget;
			buildConfigurationList = F86826B021CD1450003C7D4D /* Build configuration list for PBXNativeTarget "TezosSwift" */;
			buildPhases = (
				F86826A221CD1450003C7D4D /* Headers */,
				F86826A321CD1450003C7D4D /* Sources */,
				F86826A421CD1450003C7D4D /* Frameworks */,
				F86826A521CD1450003C7D4D /* Resources */,
				F8A8C54021CD2AAC005684A3 /* Carthage */,
			);
			buildRules = (
			);
			dependencies = (
			);
			name = TezosSwift;
			productName = TezosSwift;
			productReference = F86826A721CD1450003C7D4D /* TezosSwift.framework */;
			productType = "com.apple.product-type.framework";
		};
/* End PBXNativeTarget section */

/* Begin PBXProject section */
		7AA8F34E2160158000C05895 /* Project object */ = {
			isa = PBXProject;
			attributes = {
				LastSwiftUpdateCheck = 1100;
				LastUpgradeCheck = 1000;
				ORGANIZATIONNAME = Ackee;
				TargetAttributes = {
					7AA8F3552160158000C05895 = {
						CreatedOnToolsVersion = 10.0;
						LastSwiftMigration = 1010;
					};
					F84A53F72387D8A3005D0367 = {
						CreatedOnToolsVersion = 11.0;
						LastSwiftMigration = 1100;
					};
					F84A53FF2387D8A3005D0367 = {
						CreatedOnToolsVersion = 11.0;
						TestTargetID = 7AA8F3552160158000C05895;
					};
					F85F0CB221B139250074E391 = {
						CreatedOnToolsVersion = 10.1;
						TestTargetID = 7AA8F3552160158000C05895;
					};
					F85F0CC921B151D20074E391 = {
						CreatedOnToolsVersion = 10.1;
						TestTargetID = 7AA8F3552160158000C05895;
					};
					F86826A621CD1450003C7D4D = {
						CreatedOnToolsVersion = 10.1;
					};
				};
			};
			buildConfigurationList = 7AA8F3512160158000C05895 /* Build configuration list for PBXProject "TezosSwift" */;
			compatibilityVersion = "Xcode 9.3";
			developmentRegion = en;
			hasScannedForEncodings = 0;
			knownRegions = (
				en,
				Base,
			);
			mainGroup = 7AA8F34D2160158000C05895;
			productRefGroup = 7AA8F3572160158000C05895 /* Products */;
			projectDirPath = "";
			projectRoot = "";
			targets = (
				7AA8F3552160158000C05895 /* TezosSwift_Example */,
				F85F0CB221B139250074E391 /* UnitTests */,
				F85F0CC921B151D20074E391 /* IntegrationTests */,
				F86826A621CD1450003C7D4D /* TezosSwift */,
				F84A53F72387D8A3005D0367 /* Combine */,
				F84A53FF2387D8A3005D0367 /* TezosSwift-CombineTests */,
			);
		};
/* End PBXProject section */

/* Begin PBXResourcesBuildPhase section */
		7AA8F3542160158000C05895 /* Resources */ = {
			isa = PBXResourcesBuildPhase;
			buildActionMask = 2147483647;
			files = (
				F868268421CD1295003C7D4D /* mutez_abi.json in Resources */,
				F868268D21CD1295003C7D4D /* address_abi.json in Resources */,
				F868267E21CD1295003C7D4D /* timestamp_abi.json in Resources */,
				F868268821CD1295003C7D4D /* optional_string_abi.json in Resources */,
				F868267A21CD1295003C7D4D /* optional_pair_bool_abi.json in Resources */,
				F868268121CD1295003C7D4D /* int_abi.json in Resources */,
				F868267921CD1295003C7D4D /* unit_pair_abi.json in Resources */,
				F868268B21CD1295003C7D4D /* key_hash_abi.json in Resources */,
				F868267D21CD1295003C7D4D /* int_list_abi.json in Resources */,
				F868268C21CD1295003C7D4D /* pair_abi.json in Resources */,
				F868268621CD1295003C7D4D /* set_member_abi.json in Resources */,
				F868267421CD1295003C7D4D /* Assets.xcassets in Resources */,
				F868268521CD1295003C7D4D /* string_optional_abi.json in Resources */,
				F868268721CD1295003C7D4D /* map_abi.json in Resources */,
				F868268321CD1295003C7D4D /* bytes_abi.json in Resources */,
				F868267B21CD1295003C7D4D /* packunpack_abi.json in Resources */,
				F868267F21CD1295003C7D4D /* or_swap_abi.json in Resources */,
				F868267521CD1295003C7D4D /* LaunchScreen.storyboard in Resources */,
				F868268A21CD1295003C7D4D /* parameter_pair_abi.json in Resources */,
				F868267C21CD1295003C7D4D /* nat_set_abi.json in Resources */,
				F868268221CD1295003C7D4D /* key_abi.json in Resources */,
				F868268921CD1295003C7D4D /* nat_abi.json in Resources */,
				F868268021CD1295003C7D4D /* string_set_abi.json in Resources */,
			);
			runOnlyForDeploymentPostprocessing = 0;
		};
		F84A53F62387D8A3005D0367 /* Resources */ = {
			isa = PBXResourcesBuildPhase;
			buildActionMask = 2147483647;
			files = (
			);
			runOnlyForDeploymentPostprocessing = 0;
		};
		F84A53FE2387D8A3005D0367 /* Resources */ = {
			isa = PBXResourcesBuildPhase;
			buildActionMask = 2147483647;
			files = (
			);
			runOnlyForDeploymentPostprocessing = 0;
		};
		F85F0CB121B139250074E391 /* Resources */ = {
			isa = PBXResourcesBuildPhase;
			buildActionMask = 2147483647;
			files = (
			);
			runOnlyForDeploymentPostprocessing = 0;
		};
		F85F0CC821B151D20074E391 /* Resources */ = {
			isa = PBXResourcesBuildPhase;
			buildActionMask = 2147483647;
			files = (
			);
			runOnlyForDeploymentPostprocessing = 0;
		};
		F86826A521CD1450003C7D4D /* Resources */ = {
			isa = PBXResourcesBuildPhase;
			buildActionMask = 2147483647;
			files = (
			);
			runOnlyForDeploymentPostprocessing = 0;
		};
/* End PBXResourcesBuildPhase section */

/* Begin PBXShellScriptBuildPhase section */
		F8A8C54021CD2AAC005684A3 /* Carthage */ = {
			isa = PBXShellScriptBuildPhase;
			buildActionMask = 2147483647;
			files = (
			);
			inputFileListPaths = (
			);
			inputPaths = (
				"$(SRCROOT)/Carthage/Build/iOS/SipHash.framework",
				"$(SRCROOT)/Carthage/Build/iOS/Result.framework",
				"$(SRCROOT)/Carthage/Build/iOS/BigInt.framework",
				"$(SRCROOT)/Carthage/Build/iOS/Sodium.framework",
				"$(SRCROOT)/Carthage/Build/iOS/MnemonicKit.framework",
				"$(SRCROOT)/Carthage/Build/iOS/CryptoSwift.framework",
			);
			name = Carthage;
			outputFileListPaths = (
			);
			outputPaths = (
				"$(BUILT_PRODUCTS_DIR)/$(FRAMEWORKS_FOLDER_PATH)/SipHash.framework",
				"$(BUILT_PRODUCTS_DIR)/$(FRAMEWORKS_FOLDER_PATH)/Result.framework",
				"$(BUILT_PRODUCTS_DIR)/$(FRAMEWORKS_FOLDER_PATH)/BigInt.framework",
				"$(BUILT_PRODUCTS_DIR)/$(FRAMEWORKS_FOLDER_PATH)/Sodium.framework",
				"$(BUILT_PRODUCTS_DIR)/$(FRAMEWORKS_FOLDER_PATH)/MnemonicKit.framework",
				"$(BUILT_PRODUCTS_DIR)/$(FRAMEWORKS_FOLDER_PATH)/CryptoSwift.framework",
			);
			runOnlyForDeploymentPostprocessing = 0;
			shellPath = /bin/sh;
			shellScript = "/usr/local/bin/carthage copy-frameworks\n";
		};
/* End PBXShellScriptBuildPhase section */

/* Begin PBXSourcesBuildPhase section */
		7AA8F3522160158000C05895 /* Sources */ = {
			isa = PBXSourcesBuildPhase;
			buildActionMask = 2147483647;
			files = (
				F86826A021CD1295003C7D4D /* SharedContract.swift in Sources */,
				F868269421CD1295003C7D4D /* NatSetContract.swift in Sources */,
				F868267621CD1295003C7D4D /* AppDelegate.swift in Sources */,
				F868269121CD1295003C7D4D /* MapContract.swift in Sources */,
				F86826A121CD1295003C7D4D /* ParameterPairContract.swift in Sources */,
				F868268E21CD1295003C7D4D /* MutezContract.swift in Sources */,
				F868269B21CD1295003C7D4D /* PackUnpackContract.swift in Sources */,
				F868269221CD1295003C7D4D /* BytesContract.swift in Sources */,
				F868268F21CD1295003C7D4D /* IntListContract.swift in Sources */,
				F868269E21CD1295003C7D4D /* KeyHashContract.swift in Sources */,
				F868269021CD1295003C7D4D /* TestContract.swift in Sources */,
				F868269921CD1295003C7D4D /* OptionalPairBoolContract.swift in Sources */,
				F868269321CD1295003C7D4D /* OrSwapContract.swift in Sources */,
				F868269C21CD1295003C7D4D /* AddressContract.swift in Sources */,
				F868269621CD1295003C7D4D /* SetMemberContract.swift in Sources */,
				F868269D21CD1295003C7D4D /* IntContract.swift in Sources */,
				F868269721CD1295003C7D4D /* StringSetContract.swift in Sources */,
				F868269F21CD1295003C7D4D /* OptionalStringContract.swift in Sources */,
				F868269521CD1295003C7D4D /* TimestampContract.swift in Sources */,
				F868269A21CD1295003C7D4D /* NatContract.swift in Sources */,
				F868267821CD1295003C7D4D /* TezosViewController.swift in Sources */,
				F868269821CD1295003C7D4D /* KeyContract.swift in Sources */,
				F8692D1921E37FC100C32B3F /* Constants.swift in Sources */,
			);
			runOnlyForDeploymentPostprocessing = 0;
		};
		F84A53F42387D8A3005D0367 /* Sources */ = {
			isa = PBXSourcesBuildPhase;
			buildActionMask = 2147483647;
			files = (
				F84A54182387D8EF005D0367 /* ContractSubscription.swift in Sources */,
				F84A541B2387D920005D0367 /* TezosClient+Combine.swift in Sources */,
				F84A54162387D8C8005D0367 /* ContractPublisher.swift in Sources */,
			);
			runOnlyForDeploymentPostprocessing = 0;
		};
		F84A53FC2387D8A3005D0367 /* Sources */ = {
			isa = PBXSourcesBuildPhase;
			buildActionMask = 2147483647;
			files = (
				F84A54082387D8A3005D0367 /* TezosSwift_CombineTests.swift in Sources */,
			);
			runOnlyForDeploymentPostprocessing = 0;
		};
		F85F0CAF21B139250074E391 /* Sources */ = {
			isa = PBXSourcesBuildPhase;
			buildActionMask = 2147483647;
			files = (
				F85F0CBF21B13A000074E391 /* WalletTests.swift in Sources */,
				F8E9207621C2B00B009148F7 /* TezosRPCTests.swift in Sources */,
				F85F0CBD21B13A000074E391 /* TezosBalanceTest.swift in Sources */,
				F85F0CBE21B13A000074E391 /* AbstractOperationTest.swift in Sources */,
				F85F0CC321B13A000074E391 /* ContractStorageTests.swift in Sources */,
				F85F0CC021B13A000074E391 /* CryptoTests.swift in Sources */,
				8FAB19B1221D736300DD3F9B /* ExecutionTests.swift in Sources */,
				8F4384A5221C2CC60003BD0B /* CompletableTests.swift in Sources */,
				F85F0CC221B13A000074E391 /* CallEncodingTests.swift in Sources */,
				F85F0CC121B13A000074E391 /* MnemonicUtilsTest.swift in Sources */,
				F809FA1F21C2518C008D4A0E /* GasTests.swift in Sources */,
			);
			runOnlyForDeploymentPostprocessing = 0;
		};
		F85F0CC621B151D20074E391 /* Sources */ = {
			isa = PBXSourcesBuildPhase;
			buildActionMask = 2147483647;
			files = (
				F85F0CD521B152030074E391 /* ContractCallTests.swift in Sources */,
				F85F0CD421B152030074E391 /* TezosRPCTest.swift in Sources */,
				F85F0CD621B152030074E391 /* ContractStorageTests.swift in Sources */,
			);
			runOnlyForDeploymentPostprocessing = 0;
		};
		F86826A321CD1450003C7D4D /* Sources */ = {
			isa = PBXSourcesBuildPhase;
			buildActionMask = 2147483647;
			files = (
				F86826F221CD146B003C7D4D /* RegisterAccountOperation.swift in Sources */,
				F868270621CD146B003C7D4D /* RPCCodable.swift in Sources */,
				F868270A21CD146B003C7D4D /* Tez.swift in Sources */,
				F86826F721CD146B003C7D4D /* ContractOperation.swift in Sources */,
				F86826FD21CD146B003C7D4D /* OperationPayload.swift in Sources */,
				F868270421CD146B003C7D4D /* OperationFees.swift in Sources */,
				8F8DDF5B221C7B580008F688 /* Execution.swift in Sources */,
				F86826F421CD146B003C7D4D /* RegisterDelegateOperation.swift in Sources */,
				F868271221CD146B003C7D4D /* Wallet.swift in Sources */,
				F868270F21CD146B003C7D4D /* ManagerKey.swift in Sources */,
				F86826FB21CD146B003C7D4D /* Operation.swift in Sources */,
				F868270221CD146B003C7D4D /* OperationMetadata.swift in Sources */,
				F86826FE21CD146B003C7D4D /* BallotsSum.swift in Sources */,
				F86826FA21CD146B003C7D4D /* OperationStatus.swift in Sources */,
				F868270B21CD146B003C7D4D /* Mutez.swift in Sources */,
				F868271021CD146B003C7D4D /* PeriodKind.swift in Sources */,
				F868270D21CD146B003C7D4D /* SignedOperationPayload.swift in Sources */,
				F86826F521CD146B003C7D4D /* OperationResult.swift in Sources */,
				F86826F121CD146B003C7D4D /* RevealOperation.swift in Sources */,
				F86826FC21CD146B003C7D4D /* Metadata.swift in Sources */,
				F868271521CD146B003C7D4D /* JSONUtils.swift in Sources */,
				F86826ED21CD146B003C7D4D /* Crypto.swift in Sources */,
				F868271121CD146B003C7D4D /* TezToken.swift in Sources */,
				F86826EA21CD146B003C7D4D /* NetworkSession.swift in Sources */,
				F868270521CD146B003C7D4D /* StatusDelegate.swift in Sources */,
				F86826FF21CD146B003C7D4D /* TezosMap.swift in Sources */,
				F868270E21CD146B003C7D4D /* DelegateStatus.swift in Sources */,
				F868270721CD146B003C7D4D /* ContractStatus.swift in Sources */,
				F86826E921CD146B003C7D4D /* TezosClient.swift in Sources */,
				F86826F321CD146B003C7D4D /* OperationContents.swift in Sources */,
				8F4384A3221C29F40003BD0B /* Completable.swift in Sources */,
				F86826EC21CD146B003C7D4D /* KeyPair.swift in Sources */,
				F86826EF21CD146B003C7D4D /* Base58String.swift in Sources */,
				F868270121CD146B003C7D4D /* Keys.swift in Sources */,
				8F4384A2221C29F40003BD0B /* Atomic.swift in Sources */,
				F86826F921CD146B003C7D4D /* OperationKind.swift in Sources */,
				F86826F821CD146B003C7D4D /* TransactionOperation.swift in Sources */,
				F868270021CD146B003C7D4D /* TezosOr.swift in Sources */,
				F868271321CD146B003C7D4D /* ChainHead.swift in Sources */,
				8F4384A1221C29F40003BD0B /* Cancelable.swift in Sources */,
				F86826F021CD146B003C7D4D /* DelegationOperation.swift in Sources */,
				F868270321CD146B003C7D4D /* RPCEncodable.swift in Sources */,
				F86826F621CD146B003C7D4D /* UndelegateOperation.swift in Sources */,
				F86826EE21CD146B003C7D4D /* OperationSigningResult.swift in Sources */,
				F868270C21CD146B003C7D4D /* TezosPair.swift in Sources */,
				F868271621CD146B003C7D4D /* MnemonicUtil.swift in Sources */,
				F86826EB21CD146B003C7D4D /* TezosError.swift in Sources */,
				F868270921CD146B003C7D4D /* SignedRunOperationPayload.swift in Sources */,
				F868271421CD146B003C7D4D /* RPCDecodable.swift in Sources */,
				F86826E821CD146B003C7D4D /* RPCResponseHandler.swift in Sources */,
			);
			runOnlyForDeploymentPostprocessing = 0;
		};
/* End PBXSourcesBuildPhase section */

/* Begin PBXTargetDependency section */
		F84A54032387D8A3005D0367 /* PBXTargetDependency */ = {
			isa = PBXTargetDependency;
			target = F84A53F72387D8A3005D0367 /* Combine */;
			targetProxy = F84A54022387D8A3005D0367 /* PBXContainerItemProxy */;
		};
		F84A54052387D8A3005D0367 /* PBXTargetDependency */ = {
			isa = PBXTargetDependency;
			target = 7AA8F3552160158000C05895 /* TezosSwift_Example */;
			targetProxy = F84A54042387D8A3005D0367 /* PBXContainerItemProxy */;
		};
		F84A540C2387D8A3005D0367 /* PBXTargetDependency */ = {
			isa = PBXTargetDependency;
			target = F84A53F72387D8A3005D0367 /* Combine */;
			targetProxy = F84A540B2387D8A3005D0367 /* PBXContainerItemProxy */;
		};
		F85F0CB921B139250074E391 /* PBXTargetDependency */ = {
			isa = PBXTargetDependency;
			target = 7AA8F3552160158000C05895 /* TezosSwift_Example */;
			targetProxy = F85F0CB821B139250074E391 /* PBXContainerItemProxy */;
		};
		F85F0CD021B151D20074E391 /* PBXTargetDependency */ = {
			isa = PBXTargetDependency;
			target = 7AA8F3552160158000C05895 /* TezosSwift_Example */;
			targetProxy = F85F0CCF21B151D20074E391 /* PBXContainerItemProxy */;
		};
		F86826AD21CD1450003C7D4D /* PBXTargetDependency */ = {
			isa = PBXTargetDependency;
			target = F86826A621CD1450003C7D4D /* TezosSwift */;
			targetProxy = F86826AC21CD1450003C7D4D /* PBXContainerItemProxy */;
		};
/* End PBXTargetDependency section */

/* Begin PBXVariantGroup section */
		F868264421CD1295003C7D4D /* LaunchScreen.storyboard */ = {
			isa = PBXVariantGroup;
			children = (
				F868264521CD1295003C7D4D /* Base */,
			);
			name = LaunchScreen.storyboard;
			sourceTree = "<group>";
		};
/* End PBXVariantGroup section */

/* Begin XCBuildConfiguration section */
		7AA8F3662160158100C05895 /* Debug */ = {
			isa = XCBuildConfiguration;
			buildSettings = {
				ALWAYS_SEARCH_USER_PATHS = NO;
				CLANG_ANALYZER_NONNULL = YES;
				CLANG_ANALYZER_NUMBER_OBJECT_CONVERSION = YES_AGGRESSIVE;
				CLANG_CXX_LANGUAGE_STANDARD = "gnu++14";
				CLANG_CXX_LIBRARY = "libc++";
				CLANG_ENABLE_MODULES = YES;
				CLANG_ENABLE_OBJC_ARC = YES;
				CLANG_ENABLE_OBJC_WEAK = YES;
				CLANG_WARN_BLOCK_CAPTURE_AUTORELEASING = YES;
				CLANG_WARN_BOOL_CONVERSION = YES;
				CLANG_WARN_COMMA = YES;
				CLANG_WARN_CONSTANT_CONVERSION = YES;
				CLANG_WARN_DEPRECATED_OBJC_IMPLEMENTATIONS = YES;
				CLANG_WARN_DIRECT_OBJC_ISA_USAGE = YES_ERROR;
				CLANG_WARN_DOCUMENTATION_COMMENTS = YES;
				CLANG_WARN_EMPTY_BODY = YES;
				CLANG_WARN_ENUM_CONVERSION = YES;
				CLANG_WARN_INFINITE_RECURSION = YES;
				CLANG_WARN_INT_CONVERSION = YES;
				CLANG_WARN_NON_LITERAL_NULL_CONVERSION = YES;
				CLANG_WARN_OBJC_IMPLICIT_RETAIN_SELF = YES;
				CLANG_WARN_OBJC_LITERAL_CONVERSION = YES;
				CLANG_WARN_OBJC_ROOT_CLASS = YES_ERROR;
				CLANG_WARN_RANGE_LOOP_ANALYSIS = YES;
				CLANG_WARN_STRICT_PROTOTYPES = YES;
				CLANG_WARN_SUSPICIOUS_MOVE = YES;
				CLANG_WARN_UNGUARDED_AVAILABILITY = YES_AGGRESSIVE;
				CLANG_WARN_UNREACHABLE_CODE = YES;
				CLANG_WARN__DUPLICATE_METHOD_MATCH = YES;
				CODE_SIGN_IDENTITY = "iPhone Developer";
				COPY_PHASE_STRIP = NO;
				DEBUG_INFORMATION_FORMAT = dwarf;
				ENABLE_STRICT_OBJC_MSGSEND = YES;
				ENABLE_TESTABILITY = YES;
				GCC_C_LANGUAGE_STANDARD = gnu11;
				GCC_DYNAMIC_NO_PIC = NO;
				GCC_NO_COMMON_BLOCKS = YES;
				GCC_OPTIMIZATION_LEVEL = 0;
				GCC_PREPROCESSOR_DEFINITIONS = (
					"DEBUG=1",
					"$(inherited)",
				);
				GCC_WARN_64_TO_32_BIT_CONVERSION = YES;
				GCC_WARN_ABOUT_RETURN_TYPE = YES_ERROR;
				GCC_WARN_UNDECLARED_SELECTOR = YES;
				GCC_WARN_UNINITIALIZED_AUTOS = YES_AGGRESSIVE;
				GCC_WARN_UNUSED_FUNCTION = YES;
				GCC_WARN_UNUSED_VARIABLE = YES;
				IPHONEOS_DEPLOYMENT_TARGET = 13.0;
				MTL_ENABLE_DEBUG_INFO = INCLUDE_SOURCE;
				MTL_FAST_MATH = YES;
				ONLY_ACTIVE_ARCH = YES;
				SDKROOT = iphoneos;
				SWIFT_ACTIVE_COMPILATION_CONDITIONS = DEBUG;
				SWIFT_OPTIMIZATION_LEVEL = "-Onone";
			};
			name = Debug;
		};
		7AA8F3672160158100C05895 /* Release */ = {
			isa = XCBuildConfiguration;
			buildSettings = {
				ALWAYS_SEARCH_USER_PATHS = NO;
				CLANG_ANALYZER_NONNULL = YES;
				CLANG_ANALYZER_NUMBER_OBJECT_CONVERSION = YES_AGGRESSIVE;
				CLANG_CXX_LANGUAGE_STANDARD = "gnu++14";
				CLANG_CXX_LIBRARY = "libc++";
				CLANG_ENABLE_MODULES = YES;
				CLANG_ENABLE_OBJC_ARC = YES;
				CLANG_ENABLE_OBJC_WEAK = YES;
				CLANG_WARN_BLOCK_CAPTURE_AUTORELEASING = YES;
				CLANG_WARN_BOOL_CONVERSION = YES;
				CLANG_WARN_COMMA = YES;
				CLANG_WARN_CONSTANT_CONVERSION = YES;
				CLANG_WARN_DEPRECATED_OBJC_IMPLEMENTATIONS = YES;
				CLANG_WARN_DIRECT_OBJC_ISA_USAGE = YES_ERROR;
				CLANG_WARN_DOCUMENTATION_COMMENTS = YES;
				CLANG_WARN_EMPTY_BODY = YES;
				CLANG_WARN_ENUM_CONVERSION = YES;
				CLANG_WARN_INFINITE_RECURSION = YES;
				CLANG_WARN_INT_CONVERSION = YES;
				CLANG_WARN_NON_LITERAL_NULL_CONVERSION = YES;
				CLANG_WARN_OBJC_IMPLICIT_RETAIN_SELF = YES;
				CLANG_WARN_OBJC_LITERAL_CONVERSION = YES;
				CLANG_WARN_OBJC_ROOT_CLASS = YES_ERROR;
				CLANG_WARN_RANGE_LOOP_ANALYSIS = YES;
				CLANG_WARN_STRICT_PROTOTYPES = YES;
				CLANG_WARN_SUSPICIOUS_MOVE = YES;
				CLANG_WARN_UNGUARDED_AVAILABILITY = YES_AGGRESSIVE;
				CLANG_WARN_UNREACHABLE_CODE = YES;
				CLANG_WARN__DUPLICATE_METHOD_MATCH = YES;
				CODE_SIGN_IDENTITY = "iPhone Developer";
				COPY_PHASE_STRIP = NO;
				DEBUG_INFORMATION_FORMAT = "dwarf-with-dsym";
				ENABLE_NS_ASSERTIONS = NO;
				ENABLE_STRICT_OBJC_MSGSEND = YES;
				GCC_C_LANGUAGE_STANDARD = gnu11;
				GCC_NO_COMMON_BLOCKS = YES;
				GCC_WARN_64_TO_32_BIT_CONVERSION = YES;
				GCC_WARN_ABOUT_RETURN_TYPE = YES_ERROR;
				GCC_WARN_UNDECLARED_SELECTOR = YES;
				GCC_WARN_UNINITIALIZED_AUTOS = YES_AGGRESSIVE;
				GCC_WARN_UNUSED_FUNCTION = YES;
				GCC_WARN_UNUSED_VARIABLE = YES;
				IPHONEOS_DEPLOYMENT_TARGET = 13.0;
				MTL_ENABLE_DEBUG_INFO = NO;
				MTL_FAST_MATH = YES;
				SDKROOT = iphoneos;
				SWIFT_COMPILATION_MODE = wholemodule;
				SWIFT_OPTIMIZATION_LEVEL = "-O";
				VALIDATE_PRODUCT = YES;
			};
			name = Release;
		};
		7AA8F3692160158100C05895 /* Debug */ = {
			isa = XCBuildConfiguration;
			buildSettings = {
				ALWAYS_EMBED_SWIFT_STANDARD_LIBRARIES = YES;
				ASSETCATALOG_COMPILER_APPICON_NAME = AppIcon;
				CLANG_ENABLE_MODULES = YES;
				CODE_SIGN_STYLE = Manual;
				DEVELOPMENT_TEAM = "";
				INFOPLIST_FILE = Example/App/Info.plist;
				LD_RUNPATH_SEARCH_PATHS = (
					"$(inherited)",
					"@executable_path/Frameworks",
				);
				PRODUCT_BUNDLE_IDENTIFIER = ackee.TezosSwift;
				PRODUCT_NAME = "$(TARGET_NAME)";
				PROVISIONING_PROFILE_SPECIFIER = "";
				SWIFT_OBJC_BRIDGING_HEADER = "";
				SWIFT_OPTIMIZATION_LEVEL = "-Onone";
				SWIFT_VERSION = 4.2;
				TARGETED_DEVICE_FAMILY = "1,2";
			};
			name = Debug;
		};
		7AA8F36A2160158100C05895 /* Release */ = {
			isa = XCBuildConfiguration;
			buildSettings = {
				ALWAYS_EMBED_SWIFT_STANDARD_LIBRARIES = YES;
				ASSETCATALOG_COMPILER_APPICON_NAME = AppIcon;
				CLANG_ENABLE_MODULES = YES;
				CODE_SIGN_STYLE = Manual;
				DEVELOPMENT_TEAM = "";
				INFOPLIST_FILE = Example/App/Info.plist;
				LD_RUNPATH_SEARCH_PATHS = (
					"$(inherited)",
					"@executable_path/Frameworks",
				);
				PRODUCT_BUNDLE_IDENTIFIER = ackee.TezosSwift;
				PRODUCT_NAME = "$(TARGET_NAME)";
				PROVISIONING_PROFILE_SPECIFIER = "";
				SWIFT_OBJC_BRIDGING_HEADER = "";
				SWIFT_VERSION = 4.2;
				TARGETED_DEVICE_FAMILY = "1,2";
			};
			name = Release;
		};
		F84A540F2387D8A3005D0367 /* Debug */ = {
			isa = XCBuildConfiguration;
			buildSettings = {
				CLANG_ENABLE_MODULES = YES;
				CODE_SIGN_STYLE = Automatic;
				CURRENT_PROJECT_VERSION = 1;
				DEFINES_MODULE = YES;
				DEVELOPMENT_TEAM = "";
				DYLIB_COMPATIBILITY_VERSION = 1;
				DYLIB_CURRENT_VERSION = 1;
				DYLIB_INSTALL_NAME_BASE = "@rpath";
				INFOPLIST_FILE = Combine/Info.plist;
				INSTALL_PATH = "$(LOCAL_LIBRARY_DIR)/Frameworks";
				LD_RUNPATH_SEARCH_PATHS = (
					"$(inherited)",
					"@executable_path/Frameworks",
					"@loader_path/Frameworks",
				);
				PRODUCT_BUNDLE_IDENTIFIER = ackee.TezosSwift.Combine;
				PRODUCT_NAME = TezosSwiftCombine;
				SKIP_INSTALL = YES;
				SWIFT_OPTIMIZATION_LEVEL = "-Onone";
				SWIFT_VERSION = 5.0;
				TARGETED_DEVICE_FAMILY = "1,2";
				VERSIONING_SYSTEM = "apple-generic";
				VERSION_INFO_PREFIX = "";
			};
			name = Debug;
		};
		F84A54102387D8A3005D0367 /* Release */ = {
			isa = XCBuildConfiguration;
			buildSettings = {
				CLANG_ENABLE_MODULES = YES;
				CODE_SIGN_STYLE = Automatic;
				CURRENT_PROJECT_VERSION = 1;
				DEFINES_MODULE = YES;
				DEVELOPMENT_TEAM = "";
				DYLIB_COMPATIBILITY_VERSION = 1;
				DYLIB_CURRENT_VERSION = 1;
				DYLIB_INSTALL_NAME_BASE = "@rpath";
				INFOPLIST_FILE = Combine/Info.plist;
				INSTALL_PATH = "$(LOCAL_LIBRARY_DIR)/Frameworks";
				LD_RUNPATH_SEARCH_PATHS = (
					"$(inherited)",
					"@executable_path/Frameworks",
					"@loader_path/Frameworks",
				);
				PRODUCT_BUNDLE_IDENTIFIER = ackee.TezosSwift.Combine;
				PRODUCT_NAME = TezosSwiftCombine;
				SKIP_INSTALL = YES;
				SWIFT_VERSION = 5.0;
				TARGETED_DEVICE_FAMILY = "1,2";
				VERSIONING_SYSTEM = "apple-generic";
				VERSION_INFO_PREFIX = "";
			};
			name = Release;
		};
		F84A54112387D8A3005D0367 /* Debug */ = {
			isa = XCBuildConfiguration;
			buildSettings = {
				ALWAYS_EMBED_SWIFT_STANDARD_LIBRARIES = YES;
				CODE_SIGN_STYLE = Automatic;
				INFOPLIST_FILE = "TezosSwift-CombineTests/Info.plist";
				LD_RUNPATH_SEARCH_PATHS = (
					"$(inherited)",
					"@executable_path/Frameworks",
					"@loader_path/Frameworks",
				);
				PRODUCT_BUNDLE_IDENTIFIER = "ackee.TezosSwift.TezosSwift-CombineTests";
				PRODUCT_NAME = "$(TARGET_NAME)";
				SWIFT_VERSION = 5.0;
				TARGETED_DEVICE_FAMILY = "1,2";
				TEST_HOST = "$(BUILT_PRODUCTS_DIR)/TezosSwift_Example.app/TezosSwift_Example";
			};
			name = Debug;
		};
		F84A54122387D8A3005D0367 /* Release */ = {
			isa = XCBuildConfiguration;
			buildSettings = {
				ALWAYS_EMBED_SWIFT_STANDARD_LIBRARIES = YES;
				CODE_SIGN_STYLE = Automatic;
				INFOPLIST_FILE = "TezosSwift-CombineTests/Info.plist";
				LD_RUNPATH_SEARCH_PATHS = (
					"$(inherited)",
					"@executable_path/Frameworks",
					"@loader_path/Frameworks",
				);
				PRODUCT_BUNDLE_IDENTIFIER = "ackee.TezosSwift.TezosSwift-CombineTests";
				PRODUCT_NAME = "$(TARGET_NAME)";
				SWIFT_VERSION = 5.0;
				TARGETED_DEVICE_FAMILY = "1,2";
				TEST_HOST = "$(BUILT_PRODUCTS_DIR)/TezosSwift_Example.app/TezosSwift_Example";
			};
			name = Release;
		};
		F85F0CBB21B139250074E391 /* Debug */ = {
			isa = XCBuildConfiguration;
			buildSettings = {
				ALWAYS_EMBED_SWIFT_STANDARD_LIBRARIES = YES;
				BUNDLE_LOADER = "$(TEST_HOST)";
				CODE_SIGN_STYLE = Automatic;
				FRAMEWORK_SEARCH_PATHS = (
					"$(inherited)",
					"$(PROJECT_DIR)/Carthage/Build/iOS",
				);
				INFOPLIST_FILE = UnitTests/Info.plist;
				LD_RUNPATH_SEARCH_PATHS = (
					"$(inherited)",
					"@executable_path/Frameworks",
					"@loader_path/Frameworks",
				);
				PRODUCT_BUNDLE_IDENTIFIER = marekfort.UnitTests;
				PRODUCT_NAME = "$(TARGET_NAME)";
				SWIFT_VERSION = 4.2;
				TARGETED_DEVICE_FAMILY = "1,2";
				TEST_HOST = "$(BUILT_PRODUCTS_DIR)/TezosSwift_Example.app/TezosSwift_Example";
			};
			name = Debug;
		};
		F85F0CBC21B139250074E391 /* Release */ = {
			isa = XCBuildConfiguration;
			buildSettings = {
				ALWAYS_EMBED_SWIFT_STANDARD_LIBRARIES = YES;
				BUNDLE_LOADER = "$(TEST_HOST)";
				CODE_SIGN_STYLE = Automatic;
				FRAMEWORK_SEARCH_PATHS = (
					"$(inherited)",
					"$(PROJECT_DIR)/Carthage/Build/iOS",
				);
				INFOPLIST_FILE = UnitTests/Info.plist;
				LD_RUNPATH_SEARCH_PATHS = (
					"$(inherited)",
					"@executable_path/Frameworks",
					"@loader_path/Frameworks",
				);
				PRODUCT_BUNDLE_IDENTIFIER = marekfort.UnitTests;
				PRODUCT_NAME = "$(TARGET_NAME)";
				SWIFT_VERSION = 4.2;
				TARGETED_DEVICE_FAMILY = "1,2";
				TEST_HOST = "$(BUILT_PRODUCTS_DIR)/TezosSwift_Example.app/TezosSwift_Example";
			};
			name = Release;
		};
		F85F0CD221B151D30074E391 /* Debug */ = {
			isa = XCBuildConfiguration;
			buildSettings = {
				ALWAYS_EMBED_SWIFT_STANDARD_LIBRARIES = YES;
				BUNDLE_LOADER = "$(TEST_HOST)";
				CODE_SIGN_STYLE = Automatic;
				INFOPLIST_FILE = IntegrationTests/Info.plist;
				LD_RUNPATH_SEARCH_PATHS = (
					"$(inherited)",
					"@executable_path/Frameworks",
					"@loader_path/Frameworks",
				);
				PRODUCT_BUNDLE_IDENTIFIER = marekfort.IntegrationTests;
				PRODUCT_NAME = "$(TARGET_NAME)";
				SWIFT_VERSION = 4.2;
				TARGETED_DEVICE_FAMILY = "1,2";
				TEST_HOST = "$(BUILT_PRODUCTS_DIR)/TezosSwift_Example.app/TezosSwift_Example";
			};
			name = Debug;
		};
		F85F0CD321B151D30074E391 /* Release */ = {
			isa = XCBuildConfiguration;
			buildSettings = {
				ALWAYS_EMBED_SWIFT_STANDARD_LIBRARIES = YES;
				BUNDLE_LOADER = "$(TEST_HOST)";
				CODE_SIGN_STYLE = Automatic;
				INFOPLIST_FILE = IntegrationTests/Info.plist;
				LD_RUNPATH_SEARCH_PATHS = (
					"$(inherited)",
					"@executable_path/Frameworks",
					"@loader_path/Frameworks",
				);
				PRODUCT_BUNDLE_IDENTIFIER = marekfort.IntegrationTests;
				PRODUCT_NAME = "$(TARGET_NAME)";
				SWIFT_VERSION = 4.2;
				TARGETED_DEVICE_FAMILY = "1,2";
				TEST_HOST = "$(BUILT_PRODUCTS_DIR)/TezosSwift_Example.app/TezosSwift_Example";
			};
			name = Release;
		};
		F86826B121CD1450003C7D4D /* Debug */ = {
			isa = XCBuildConfiguration;
			buildSettings = {
				CODE_SIGN_IDENTITY = "";
				CODE_SIGN_STYLE = Automatic;
				CURRENT_PROJECT_VERSION = 1;
				DEFINES_MODULE = YES;
				DEVELOPMENT_TEAM = "";
				DYLIB_COMPATIBILITY_VERSION = 1;
				DYLIB_CURRENT_VERSION = 1;
				DYLIB_INSTALL_NAME_BASE = "@rpath";
				FRAMEWORK_SEARCH_PATHS = (
					"$(inherited)",
					"$(PROJECT_DIR)/Carthage/Build/iOS",
				);
				INFOPLIST_FILE = TezosSwift/Info.plist;
				INSTALL_PATH = "$(LOCAL_LIBRARY_DIR)/Frameworks";
				LD_RUNPATH_SEARCH_PATHS = (
					"$(inherited)",
					"@executable_path/Frameworks",
					"@loader_path/Frameworks",
				);
				PRODUCT_BUNDLE_IDENTIFIER = marekfort.TezosSwift;
				PRODUCT_NAME = "$(TARGET_NAME:c99extidentifier)";
				SKIP_INSTALL = YES;
				SWIFT_VERSION = 4.2;
				TARGETED_DEVICE_FAMILY = "1,2";
				VERSIONING_SYSTEM = "apple-generic";
				VERSION_INFO_PREFIX = "";
			};
			name = Debug;
		};
		F86826B221CD1450003C7D4D /* Release */ = {
			isa = XCBuildConfiguration;
			buildSettings = {
				CODE_SIGN_IDENTITY = "";
				CODE_SIGN_STYLE = Automatic;
				CURRENT_PROJECT_VERSION = 1;
				DEFINES_MODULE = YES;
				DEVELOPMENT_TEAM = "";
				DYLIB_COMPATIBILITY_VERSION = 1;
				DYLIB_CURRENT_VERSION = 1;
				DYLIB_INSTALL_NAME_BASE = "@rpath";
				FRAMEWORK_SEARCH_PATHS = (
					"$(inherited)",
					"$(PROJECT_DIR)/Carthage/Build/iOS",
				);
				INFOPLIST_FILE = TezosSwift/Info.plist;
				INSTALL_PATH = "$(LOCAL_LIBRARY_DIR)/Frameworks";
				LD_RUNPATH_SEARCH_PATHS = (
					"$(inherited)",
					"@executable_path/Frameworks",
					"@loader_path/Frameworks",
				);
				PRODUCT_BUNDLE_IDENTIFIER = marekfort.TezosSwift;
				PRODUCT_NAME = "$(TARGET_NAME:c99extidentifier)";
				SKIP_INSTALL = YES;
				SWIFT_VERSION = 4.2;
				TARGETED_DEVICE_FAMILY = "1,2";
				VERSIONING_SYSTEM = "apple-generic";
				VERSION_INFO_PREFIX = "";
			};
			name = Release;
		};
/* End XCBuildConfiguration section */

/* Begin XCConfigurationList section */
		7AA8F3512160158000C05895 /* Build configuration list for PBXProject "TezosSwift" */ = {
			isa = XCConfigurationList;
			buildConfigurations = (
				7AA8F3662160158100C05895 /* Debug */,
				7AA8F3672160158100C05895 /* Release */,
			);
			defaultConfigurationIsVisible = 0;
			defaultConfigurationName = Release;
		};
		7AA8F3682160158100C05895 /* Build configuration list for PBXNativeTarget "TezosSwift_Example" */ = {
			isa = XCConfigurationList;
			buildConfigurations = (
				7AA8F3692160158100C05895 /* Debug */,
				7AA8F36A2160158100C05895 /* Release */,
			);
			defaultConfigurationIsVisible = 0;
			defaultConfigurationName = Release;
		};
		F84A54132387D8A3005D0367 /* Build configuration list for PBXNativeTarget "Combine" */ = {
			isa = XCConfigurationList;
			buildConfigurations = (
				F84A540F2387D8A3005D0367 /* Debug */,
				F84A54102387D8A3005D0367 /* Release */,
			);
			defaultConfigurationIsVisible = 0;
			defaultConfigurationName = Release;
		};
		F84A54142387D8A3005D0367 /* Build configuration list for PBXNativeTarget "TezosSwift-CombineTests" */ = {
			isa = XCConfigurationList;
			buildConfigurations = (
				F84A54112387D8A3005D0367 /* Debug */,
				F84A54122387D8A3005D0367 /* Release */,
			);
			defaultConfigurationIsVisible = 0;
			defaultConfigurationName = Release;
		};
		F85F0CBA21B139250074E391 /* Build configuration list for PBXNativeTarget "UnitTests" */ = {
			isa = XCConfigurationList;
			buildConfigurations = (
				F85F0CBB21B139250074E391 /* Debug */,
				F85F0CBC21B139250074E391 /* Release */,
			);
			defaultConfigurationIsVisible = 0;
			defaultConfigurationName = Release;
		};
		F85F0CD121B151D30074E391 /* Build configuration list for PBXNativeTarget "IntegrationTests" */ = {
			isa = XCConfigurationList;
			buildConfigurations = (
				F85F0CD221B151D30074E391 /* Debug */,
				F85F0CD321B151D30074E391 /* Release */,
			);
			defaultConfigurationIsVisible = 0;
			defaultConfigurationName = Release;
		};
		F86826B021CD1450003C7D4D /* Build configuration list for PBXNativeTarget "TezosSwift" */ = {
			isa = XCConfigurationList;
			buildConfigurations = (
				F86826B121CD1450003C7D4D /* Debug */,
				F86826B221CD1450003C7D4D /* Release */,
			);
			defaultConfigurationIsVisible = 0;
			defaultConfigurationName = Release;
		};
/* End XCConfigurationList section */
	};
	rootObject = 7AA8F34E2160158000C05895 /* Project object */;
}
